// !$*UTF8*$!
{
	archiveVersion = 1;
	classes = {
	};
	objectVersion = 46;
	objects = {

/* Begin PBXBuildFile section */
		190DFE3E1E30697500477B6D /* CalculatedTeamData.swift in Sources */ = {isa = PBXBuildFile; fileRef = 190DFE3D1E30697500477B6D /* CalculatedTeamData.swift */; };
		190DFE441E306A1700477B6D /* CalculatedMatchData.swift in Sources */ = {isa = PBXBuildFile; fileRef = 190DFE431E306A1700477B6D /* CalculatedMatchData.swift */; };
		190DFE461E30703E00477B6D /* Match.swift in Sources */ = {isa = PBXBuildFile; fileRef = 190DFE451E30703E00477B6D /* Match.swift */; };
		190DFE481E3079D000477B6D /* Team.swift in Sources */ = {isa = PBXBuildFile; fileRef = 190DFE471E3079D000477B6D /* Team.swift */; };
		190DFE4A1E308B7700477B6D /* TIMDScheduleViewController.swift in Sources */ = {isa = PBXBuildFile; fileRef = 190DFE491E308B7700477B6D /* TIMDScheduleViewController.swift */; };
		190DFE4C1E308BBD00477B6D /* TIMDDetailsViewController.swift in Sources */ = {isa = PBXBuildFile; fileRef = 190DFE4B1E308BBD00477B6D /* TIMDDetailsViewController.swift */; };
		190DFE4E1E308BDC00477B6D /* TIMDTableViewCell.swift in Sources */ = {isa = PBXBuildFile; fileRef = 190DFE4D1E308BDC00477B6D /* TIMDTableViewCell.swift */; };
		190DFE501E308BE300477B6D /* TIMDTableViewCell.xib in Resources */ = {isa = PBXBuildFile; fileRef = 190DFE4F1E308BE300477B6D /* TIMDTableViewCell.xib */; };
		19B037C01E2C5739006E25A2 /* Assets.xcassets in Resources */ = {isa = PBXBuildFile; fileRef = 19B037BF1E2C5739006E25A2 /* Assets.xcassets */; };
		19B037C31E2C5739006E25A2 /* LaunchScreen.storyboard in Resources */ = {isa = PBXBuildFile; fileRef = 19B037C11E2C5739006E25A2 /* LaunchScreen.storyboard */; };
		19B037D21E2C581C006E25A2 /* Main.storyboard in Resources */ = {isa = PBXBuildFile; fileRef = 19B037CB1E2C581C006E25A2 /* Main.storyboard */; };
		19B037D31E2C581C006E25A2 /* FirstPick.storyboard in Resources */ = {isa = PBXBuildFile; fileRef = 19B037CC1E2C581C006E25A2 /* FirstPick.storyboard */; };
		19B037D51E2C581C006E25A2 /* Schedule.storyboard in Resources */ = {isa = PBXBuildFile; fileRef = 19B037CE1E2C581C006E25A2 /* Schedule.storyboard */; };
		19B037D61E2C581C006E25A2 /* SecondPick.storyboard in Resources */ = {isa = PBXBuildFile; fileRef = 19B037CF1E2C581C006E25A2 /* SecondPick.storyboard */; };
		19B037D71E2C581C006E25A2 /* Seeding.storyboard in Resources */ = {isa = PBXBuildFile; fileRef = 19B037D01E2C581C006E25A2 /* Seeding.storyboard */; };
		19B037D81E2C581C006E25A2 /* ThirdPick.storyboard in Resources */ = {isa = PBXBuildFile; fileRef = 19B037D11E2C581C006E25A2 /* ThirdPick.storyboard */; };
		19B037E71E2C586C006E25A2 /* ScheduleTableViewController.m in Sources */ = {isa = PBXBuildFile; fileRef = 19B037DA1E2C586C006E25A2 /* ScheduleTableViewController.m */; };
		19B037E81E2C586C006E25A2 /* SpecificTeamScheduleTableViewController.swift in Sources */ = {isa = PBXBuildFile; fileRef = 19B037DB1E2C586C006E25A2 /* SpecificTeamScheduleTableViewController.swift */; };
		19B037E91E2C586C006E25A2 /* MatchTableViewCell.m in Sources */ = {isa = PBXBuildFile; fileRef = 19B037DD1E2C586C006E25A2 /* MatchTableViewCell.m */; };
		19B037EA1E2C586C006E25A2 /* MatchTableViewCell.xib in Resources */ = {isa = PBXBuildFile; fileRef = 19B037DE1E2C586C006E25A2 /* MatchTableViewCell.xib */; };
		19B037EB1E2C586C006E25A2 /* SeedTableViewController.m in Sources */ = {isa = PBXBuildFile; fileRef = 19B037E01E2C586C006E25A2 /* SeedTableViewController.m */; };
		19B037EC1E2C586C006E25A2 /* PredictedSeedTableViewController.m in Sources */ = {isa = PBXBuildFile; fileRef = 19B037E21E2C586C006E25A2 /* PredictedSeedTableViewController.m */; };
		19B037ED1E2C586C006E25A2 /* FirstPickTableViewController.m in Sources */ = {isa = PBXBuildFile; fileRef = 19B037E41E2C586C006E25A2 /* FirstPickTableViewController.m */; };
		19B037EE1E2C586C006E25A2 /* OverallSecondPickAbilityViewController.swift in Sources */ = {isa = PBXBuildFile; fileRef = 19B037E51E2C586C006E25A2 /* OverallSecondPickAbilityViewController.swift */; };
		19B038051E2C5891006E25A2 /* FirebaseDataFetcher.swift in Sources */ = {isa = PBXBuildFile; fileRef = 19B037F01E2C5891006E25A2 /* FirebaseDataFetcher.swift */; };
		19B038061E2C5891006E25A2 /* TeamDetailsTableViewController.swift in Sources */ = {isa = PBXBuildFile; fileRef = 19B037F11E2C5891006E25A2 /* TeamDetailsTableViewController.swift */; };
		19B038081E2C5891006E25A2 /* MatchDetailsViewController.swift in Sources */ = {isa = PBXBuildFile; fileRef = 19B037F31E2C5891006E25A2 /* MatchDetailsViewController.swift */; };
		19B0380A1E2C5891006E25A2 /* Utils.swift in Sources */ = {isa = PBXBuildFile; fileRef = 19B037F51E2C5891006E25A2 /* Utils.swift */; };
		19B038111E2C5891006E25A2 /* Reflectable.swift in Sources */ = {isa = PBXBuildFile; fileRef = 19B037FC1E2C5891006E25A2 /* Reflectable.swift */; };
		19B038131E2C5891006E25A2 /* GraphViewController.swift in Sources */ = {isa = PBXBuildFile; fileRef = 19B037FF1E2C5891006E25A2 /* GraphViewController.swift */; };
		19B038141E2C5891006E25A2 /* CurrentMatchManager.swift in Sources */ = {isa = PBXBuildFile; fileRef = 19B038001E2C5891006E25A2 /* CurrentMatchManager.swift */; };
		19B038151E2C5891006E25A2 /* ArrayTableViewController.m in Sources */ = {isa = PBXBuildFile; fileRef = 19B038021E2C5891006E25A2 /* ArrayTableViewController.m */; };
		19B038161E2C5891006E25A2 /* SortedRankTableViewController.swift in Sources */ = {isa = PBXBuildFile; fileRef = 19B038031E2C5891006E25A2 /* SortedRankTableViewController.swift */; };
		19B038171E2C5891006E25A2 /* NotesTableViewController.swift in Sources */ = {isa = PBXBuildFile; fileRef = 19B038041E2C5891006E25A2 /* NotesTableViewController.swift */; };
		19B038261E2C58D3006E25A2 /* ResizableNotesTableViewCell.swift in Sources */ = {isa = PBXBuildFile; fileRef = 19B038181E2C58D3006E25A2 /* ResizableNotesTableViewCell.swift */; };
		19B038271E2C58D3006E25A2 /* UnrankedTableViewCell.swift in Sources */ = {isa = PBXBuildFile; fileRef = 19B038191E2C58D3006E25A2 /* UnrankedTableViewCell.swift */; };
		19B038281E2C58D3006E25A2 /* MultiCellTableViewCell.m in Sources */ = {isa = PBXBuildFile; fileRef = 19B0381B1E2C58D3006E25A2 /* MultiCellTableViewCell.m */; };
		19B038291E2C58D3006E25A2 /* MultiCellTableViewCell.xib in Resources */ = {isa = PBXBuildFile; fileRef = 19B0381C1E2C58D3006E25A2 /* MultiCellTableViewCell.xib */; };
		19B0382A1E2C58D3006E25A2 /* MechanismTableViewCell.swift in Sources */ = {isa = PBXBuildFile; fileRef = 19B0381D1E2C58D3006E25A2 /* MechanismTableViewCell.swift */; };
		19B0382B1E2C58D3006E25A2 /* MechanismTableViewCell.xib in Resources */ = {isa = PBXBuildFile; fileRef = 19B0381E1E2C58D3006E25A2 /* MechanismTableViewCell.xib */; };
		19B0382C1E2C58D3006E25A2 /* NSAttributedString+OrdinalFormat.m in Sources */ = {isa = PBXBuildFile; fileRef = 19B038201E2C58D3006E25A2 /* NSAttributedString+OrdinalFormat.m */; };
		19B0382D1E2C58D3006E25A2 /* UINavigationController+SGProgress.m in Sources */ = {isa = PBXBuildFile; fileRef = 19B038221E2C58D3006E25A2 /* UINavigationController+SGProgress.m */; };
		19B0382E1E2C58D3006E25A2 /* UIColor+HexString.m in Sources */ = {isa = PBXBuildFile; fileRef = 19B038241E2C58D3006E25A2 /* UIColor+HexString.m */; };
		19B038321E2C5919006E25A2 /* AppDelegate.m in Sources */ = {isa = PBXBuildFile; fileRef = 19B038301E2C5919006E25A2 /* AppDelegate.m */; };
		19B038331E2C5919006E25A2 /* main.m in Sources */ = {isa = PBXBuildFile; fileRef = 19B038311E2C5919006E25A2 /* main.m */; };
		19B038351E2D4171006E25A2 /* GoogleService-Info.plist in Resources */ = {isa = PBXBuildFile; fileRef = 19B038341E2D4171006E25A2 /* GoogleService-Info.plist */; };
		19B038491E2DE55B006E25A2 /* ShotTimesForBoiler.swift in Sources */ = {isa = PBXBuildFile; fileRef = 19B038461E2DE55B006E25A2 /* ShotTimesForBoiler.swift */; };
		19B0384B1E2DE55B006E25A2 /* TeamInMatchData.swift in Sources */ = {isa = PBXBuildFile; fileRef = 19B038481E2DE55B006E25A2 /* TeamInMatchData.swift */; };
		20B97B0927CBDC12735F6F22 /* Pods_Current_Match.framework in Frameworks */ = {isa = PBXBuildFile; fileRef = CA0394ACA1B0BF4AF13EA11B /* Pods_Current_Match.framework */; };
		8C25A7CC1E33F2790012A23E /* CalculatedTeamInMatchData.swift in Sources */ = {isa = PBXBuildFile; fileRef = 8C25A7CB1E33F2790012A23E /* CalculatedTeamInMatchData.swift */; };
		8C5868711E34254E0056EA17 /* Storyboard.storyboard in Resources */ = {isa = PBXBuildFile; fileRef = 8C58686C1E34254E0056EA17 /* Storyboard.storyboard */; };
		8CBD712D1E354696009C0206 /* NotificationCenter.framework in Frameworks */ = {isa = PBXBuildFile; fileRef = 8CD3CEA81E34074000B328A1 /* NotificationCenter.framework */; };
		8CBD71301E354696009C0206 /* TodayViewController.swift in Sources */ = {isa = PBXBuildFile; fileRef = 8CBD712F1E354696009C0206 /* TodayViewController.swift */; };
		8CBD71371E354696009C0206 /* Current Match.appex in Embed App Extensions */ = {isa = PBXBuildFile; fileRef = 8CBD712C1E354696009C0206 /* Current Match.appex */; settings = {ATTRIBUTES = (RemoveHeadersOnCopy, ); }; };
		8CBD713C1E3546D1009C0206 /* MainInterface.storyboard in Resources */ = {isa = PBXBuildFile; fileRef = 8CBD713B1E3546D1009C0206 /* MainInterface.storyboard */; };
		8CBD713E1E355876009C0206 /* GoogleService-Info.plist in Resources */ = {isa = PBXBuildFile; fileRef = 8CBD713D1E355876009C0206 /* GoogleService-Info.plist */; };
		8CBD71401E356CD1009C0206 /* CC 2017 Logo.png in Resources */ = {isa = PBXBuildFile; fileRef = 8CBD713F1E356CD1009C0206 /* CC 2017 Logo.png */; };
		8CBD71421E4695BE009C0206 /* Settings.bundle in Resources */ = {isa = PBXBuildFile; fileRef = 8CBD71411E4695BE009C0206 /* Settings.bundle */; };
		8CD8FA6C1E5A4474004C2825 /* NSData+NSData_HexString.m in Sources */ = {isa = PBXBuildFile; fileRef = 8CD8FA6B1E5A4474004C2825 /* NSData+NSData_HexString.m */; };
		DF1525F6C6F8117FF8E51A47 /* Pods_ios_viewer.framework in Frameworks */ = {isa = PBXBuildFile; fileRef = C12E5150009B8B4C0E520876 /* Pods_ios_viewer.framework */; };
/* End PBXBuildFile section */

/* Begin PBXContainerItemProxy section */
		8CBD71351E354696009C0206 /* PBXContainerItemProxy */ = {
			isa = PBXContainerItemProxy;
			containerPortal = 19B037AD1E2C5739006E25A2 /* Project object */;
			proxyType = 1;
			remoteGlobalIDString = 8CBD712B1E354696009C0206;
			remoteInfo = "Current Match";
		};
/* End PBXContainerItemProxy section */

/* Begin PBXCopyFilesBuildPhase section */
		8CD3CEB71E34074000B328A1 /* Embed App Extensions */ = {
			isa = PBXCopyFilesBuildPhase;
			buildActionMask = 2147483647;
			dstPath = "";
			dstSubfolderSpec = 13;
			files = (
				8CBD71371E354696009C0206 /* Current Match.appex in Embed App Extensions */,
			);
			name = "Embed App Extensions";
			runOnlyForDeploymentPostprocessing = 0;
		};
/* End PBXCopyFilesBuildPhase section */

/* Begin PBXFileReference section */
		0562B80EE4C07093F7297E43 /* Pods-Current Match.debug.xcconfig */ = {isa = PBXFileReference; includeInIndex = 1; lastKnownFileType = text.xcconfig; name = "Pods-Current Match.debug.xcconfig"; path = "Pods/Target Support Files/Pods-Current Match/Pods-Current Match.debug.xcconfig"; sourceTree = "<group>"; };
		0A86C1ECE77EE7246AFCE4A8 /* Pods_CurrentMatch.framework */ = {isa = PBXFileReference; explicitFileType = wrapper.framework; includeInIndex = 0; path = Pods_CurrentMatch.framework; sourceTree = BUILT_PRODUCTS_DIR; };
		17C3CB7B0693450E7F32640F /* Pods-ios-viewer.debug.xcconfig */ = {isa = PBXFileReference; includeInIndex = 1; lastKnownFileType = text.xcconfig; name = "Pods-ios-viewer.debug.xcconfig"; path = "Pods/Target Support Files/Pods-ios-viewer/Pods-ios-viewer.debug.xcconfig"; sourceTree = "<group>"; };
		190DFE3D1E30697500477B6D /* CalculatedTeamData.swift */ = {isa = PBXFileReference; fileEncoding = 4; lastKnownFileType = sourcecode.swift; path = CalculatedTeamData.swift; sourceTree = "<group>"; };
		190DFE431E306A1700477B6D /* CalculatedMatchData.swift */ = {isa = PBXFileReference; fileEncoding = 4; lastKnownFileType = sourcecode.swift; path = CalculatedMatchData.swift; sourceTree = "<group>"; };
		190DFE451E30703E00477B6D /* Match.swift */ = {isa = PBXFileReference; fileEncoding = 4; lastKnownFileType = sourcecode.swift; path = Match.swift; sourceTree = "<group>"; };
		190DFE471E3079D000477B6D /* Team.swift */ = {isa = PBXFileReference; fileEncoding = 4; lastKnownFileType = sourcecode.swift; path = Team.swift; sourceTree = "<group>"; };
		190DFE491E308B7700477B6D /* TIMDScheduleViewController.swift */ = {isa = PBXFileReference; fileEncoding = 4; lastKnownFileType = sourcecode.swift; path = TIMDScheduleViewController.swift; sourceTree = "<group>"; };
		190DFE4B1E308BBD00477B6D /* TIMDDetailsViewController.swift */ = {isa = PBXFileReference; fileEncoding = 4; lastKnownFileType = sourcecode.swift; path = TIMDDetailsViewController.swift; sourceTree = "<group>"; };
		190DFE4D1E308BDC00477B6D /* TIMDTableViewCell.swift */ = {isa = PBXFileReference; fileEncoding = 4; lastKnownFileType = sourcecode.swift; path = TIMDTableViewCell.swift; sourceTree = "<group>"; };
		190DFE4F1E308BE300477B6D /* TIMDTableViewCell.xib */ = {isa = PBXFileReference; fileEncoding = 4; lastKnownFileType = file.xib; path = TIMDTableViewCell.xib; sourceTree = "<group>"; };
		19B037B51E2C5739006E25A2 /* ios-viewer.app */ = {isa = PBXFileReference; explicitFileType = wrapper.application; includeInIndex = 0; path = "ios-viewer.app"; sourceTree = BUILT_PRODUCTS_DIR; };
		19B037BF1E2C5739006E25A2 /* Assets.xcassets */ = {isa = PBXFileReference; lastKnownFileType = folder.assetcatalog; path = Assets.xcassets; sourceTree = "<group>"; };
		19B037C21E2C5739006E25A2 /* Base */ = {isa = PBXFileReference; lastKnownFileType = file.storyboard; name = Base; path = Base.lproj/LaunchScreen.storyboard; sourceTree = "<group>"; };
		19B037C41E2C5739006E25A2 /* Info.plist */ = {isa = PBXFileReference; lastKnownFileType = text.plist.xml; path = Info.plist; sourceTree = "<group>"; };
		19B037CA1E2C5789006E25A2 /* ios-viewer-Bridging-Header.h */ = {isa = PBXFileReference; lastKnownFileType = sourcecode.c.h; path = "ios-viewer-Bridging-Header.h"; sourceTree = "<group>"; };
		19B037CB1E2C581C006E25A2 /* Main.storyboard */ = {isa = PBXFileReference; fileEncoding = 4; lastKnownFileType = file.storyboard; path = Main.storyboard; sourceTree = "<group>"; };
		19B037CC1E2C581C006E25A2 /* FirstPick.storyboard */ = {isa = PBXFileReference; fileEncoding = 4; lastKnownFileType = file.storyboard; path = FirstPick.storyboard; sourceTree = "<group>"; };
		19B037CE1E2C581C006E25A2 /* Schedule.storyboard */ = {isa = PBXFileReference; fileEncoding = 4; lastKnownFileType = file.storyboard; path = Schedule.storyboard; sourceTree = "<group>"; };
		19B037CF1E2C581C006E25A2 /* SecondPick.storyboard */ = {isa = PBXFileReference; fileEncoding = 4; lastKnownFileType = file.storyboard; path = SecondPick.storyboard; sourceTree = "<group>"; };
		19B037D01E2C581C006E25A2 /* Seeding.storyboard */ = {isa = PBXFileReference; fileEncoding = 4; lastKnownFileType = file.storyboard; path = Seeding.storyboard; sourceTree = "<group>"; };
		19B037D11E2C581C006E25A2 /* ThirdPick.storyboard */ = {isa = PBXFileReference; fileEncoding = 4; lastKnownFileType = file.storyboard; path = ThirdPick.storyboard; sourceTree = "<group>"; };
		19B037D91E2C586C006E25A2 /* ScheduleTableViewController.h */ = {isa = PBXFileReference; fileEncoding = 4; lastKnownFileType = sourcecode.c.h; path = ScheduleTableViewController.h; sourceTree = "<group>"; };
		19B037DA1E2C586C006E25A2 /* ScheduleTableViewController.m */ = {isa = PBXFileReference; fileEncoding = 4; lastKnownFileType = sourcecode.c.objc; path = ScheduleTableViewController.m; sourceTree = "<group>"; };
		19B037DB1E2C586C006E25A2 /* SpecificTeamScheduleTableViewController.swift */ = {isa = PBXFileReference; fileEncoding = 4; lastKnownFileType = sourcecode.swift; path = SpecificTeamScheduleTableViewController.swift; sourceTree = "<group>"; };
		19B037DC1E2C586C006E25A2 /* MatchTableViewCell.h */ = {isa = PBXFileReference; fileEncoding = 4; lastKnownFileType = sourcecode.c.h; path = MatchTableViewCell.h; sourceTree = "<group>"; };
		19B037DD1E2C586C006E25A2 /* MatchTableViewCell.m */ = {isa = PBXFileReference; fileEncoding = 4; lastKnownFileType = sourcecode.c.objc; path = MatchTableViewCell.m; sourceTree = "<group>"; };
		19B037DE1E2C586C006E25A2 /* MatchTableViewCell.xib */ = {isa = PBXFileReference; fileEncoding = 4; lastKnownFileType = file.xib; path = MatchTableViewCell.xib; sourceTree = "<group>"; };
		19B037DF1E2C586C006E25A2 /* SeedTableViewController.h */ = {isa = PBXFileReference; fileEncoding = 4; lastKnownFileType = sourcecode.c.h; path = SeedTableViewController.h; sourceTree = "<group>"; };
		19B037E01E2C586C006E25A2 /* SeedTableViewController.m */ = {isa = PBXFileReference; fileEncoding = 4; lastKnownFileType = sourcecode.c.objc; path = SeedTableViewController.m; sourceTree = "<group>"; };
		19B037E11E2C586C006E25A2 /* PredictedSeedTableViewController.h */ = {isa = PBXFileReference; fileEncoding = 4; lastKnownFileType = sourcecode.c.h; path = PredictedSeedTableViewController.h; sourceTree = "<group>"; };
		19B037E21E2C586C006E25A2 /* PredictedSeedTableViewController.m */ = {isa = PBXFileReference; fileEncoding = 4; lastKnownFileType = sourcecode.c.objc; path = PredictedSeedTableViewController.m; sourceTree = "<group>"; };
		19B037E31E2C586C006E25A2 /* FirstPickTableViewController.h */ = {isa = PBXFileReference; fileEncoding = 4; lastKnownFileType = sourcecode.c.h; path = FirstPickTableViewController.h; sourceTree = "<group>"; };
		19B037E41E2C586C006E25A2 /* FirstPickTableViewController.m */ = {isa = PBXFileReference; fileEncoding = 4; lastKnownFileType = sourcecode.c.objc; path = FirstPickTableViewController.m; sourceTree = "<group>"; };
		19B037E51E2C586C006E25A2 /* OverallSecondPickAbilityViewController.swift */ = {isa = PBXFileReference; fileEncoding = 4; lastKnownFileType = sourcecode.swift; path = OverallSecondPickAbilityViewController.swift; sourceTree = "<group>"; };
		19B037F01E2C5891006E25A2 /* FirebaseDataFetcher.swift */ = {isa = PBXFileReference; fileEncoding = 4; lastKnownFileType = sourcecode.swift; path = FirebaseDataFetcher.swift; sourceTree = "<group>"; };
		19B037F11E2C5891006E25A2 /* TeamDetailsTableViewController.swift */ = {isa = PBXFileReference; fileEncoding = 4; lastKnownFileType = sourcecode.swift; path = TeamDetailsTableViewController.swift; sourceTree = "<group>"; };
		19B037F31E2C5891006E25A2 /* MatchDetailsViewController.swift */ = {isa = PBXFileReference; fileEncoding = 4; lastKnownFileType = sourcecode.swift; path = MatchDetailsViewController.swift; sourceTree = "<group>"; };
		19B037F51E2C5891006E25A2 /* Utils.swift */ = {isa = PBXFileReference; fileEncoding = 4; lastKnownFileType = sourcecode.swift; path = Utils.swift; sourceTree = "<group>"; };
		19B037FC1E2C5891006E25A2 /* Reflectable.swift */ = {isa = PBXFileReference; fileEncoding = 4; lastKnownFileType = sourcecode.swift; path = Reflectable.swift; sourceTree = "<group>"; };
		19B037FF1E2C5891006E25A2 /* GraphViewController.swift */ = {isa = PBXFileReference; fileEncoding = 4; lastKnownFileType = sourcecode.swift; path = GraphViewController.swift; sourceTree = "<group>"; };
		19B038001E2C5891006E25A2 /* CurrentMatchManager.swift */ = {isa = PBXFileReference; fileEncoding = 4; lastKnownFileType = sourcecode.swift; path = CurrentMatchManager.swift; sourceTree = "<group>"; };
		19B038011E2C5891006E25A2 /* ArrayTableViewController.h */ = {isa = PBXFileReference; fileEncoding = 4; lastKnownFileType = sourcecode.c.h; path = ArrayTableViewController.h; sourceTree = "<group>"; };
		19B038021E2C5891006E25A2 /* ArrayTableViewController.m */ = {isa = PBXFileReference; fileEncoding = 4; lastKnownFileType = sourcecode.c.objc; path = ArrayTableViewController.m; sourceTree = "<group>"; };
		19B038031E2C5891006E25A2 /* SortedRankTableViewController.swift */ = {isa = PBXFileReference; fileEncoding = 4; lastKnownFileType = sourcecode.swift; path = SortedRankTableViewController.swift; sourceTree = "<group>"; };
		19B038041E2C5891006E25A2 /* NotesTableViewController.swift */ = {isa = PBXFileReference; fileEncoding = 4; lastKnownFileType = sourcecode.swift; path = NotesTableViewController.swift; sourceTree = "<group>"; };
		19B038181E2C58D3006E25A2 /* ResizableNotesTableViewCell.swift */ = {isa = PBXFileReference; fileEncoding = 4; lastKnownFileType = sourcecode.swift; path = ResizableNotesTableViewCell.swift; sourceTree = "<group>"; };
		19B038191E2C58D3006E25A2 /* UnrankedTableViewCell.swift */ = {isa = PBXFileReference; fileEncoding = 4; lastKnownFileType = sourcecode.swift; path = UnrankedTableViewCell.swift; sourceTree = "<group>"; };
		19B0381A1E2C58D3006E25A2 /* MultiCellTableViewCell.h */ = {isa = PBXFileReference; fileEncoding = 4; lastKnownFileType = sourcecode.c.h; path = MultiCellTableViewCell.h; sourceTree = "<group>"; };
		19B0381B1E2C58D3006E25A2 /* MultiCellTableViewCell.m */ = {isa = PBXFileReference; fileEncoding = 4; lastKnownFileType = sourcecode.c.objc; path = MultiCellTableViewCell.m; sourceTree = "<group>"; };
		19B0381C1E2C58D3006E25A2 /* MultiCellTableViewCell.xib */ = {isa = PBXFileReference; fileEncoding = 4; lastKnownFileType = file.xib; path = MultiCellTableViewCell.xib; sourceTree = "<group>"; };
		19B0381D1E2C58D3006E25A2 /* MechanismTableViewCell.swift */ = {isa = PBXFileReference; fileEncoding = 4; lastKnownFileType = sourcecode.swift; path = MechanismTableViewCell.swift; sourceTree = "<group>"; };
		19B0381E1E2C58D3006E25A2 /* MechanismTableViewCell.xib */ = {isa = PBXFileReference; fileEncoding = 4; lastKnownFileType = file.xib; path = MechanismTableViewCell.xib; sourceTree = "<group>"; };
		19B0381F1E2C58D3006E25A2 /* NSAttributedString+OrdinalFormat.h */ = {isa = PBXFileReference; fileEncoding = 4; lastKnownFileType = sourcecode.c.h; path = "NSAttributedString+OrdinalFormat.h"; sourceTree = "<group>"; };
		19B038201E2C58D3006E25A2 /* NSAttributedString+OrdinalFormat.m */ = {isa = PBXFileReference; fileEncoding = 4; lastKnownFileType = sourcecode.c.objc; path = "NSAttributedString+OrdinalFormat.m"; sourceTree = "<group>"; };
		19B038211E2C58D3006E25A2 /* UINavigationController+SGProgress.h */ = {isa = PBXFileReference; fileEncoding = 4; lastKnownFileType = sourcecode.c.h; path = "UINavigationController+SGProgress.h"; sourceTree = "<group>"; };
		19B038221E2C58D3006E25A2 /* UINavigationController+SGProgress.m */ = {isa = PBXFileReference; fileEncoding = 4; lastKnownFileType = sourcecode.c.objc; path = "UINavigationController+SGProgress.m"; sourceTree = "<group>"; };
		19B038231E2C58D3006E25A2 /* UIColor+HexString.h */ = {isa = PBXFileReference; fileEncoding = 4; lastKnownFileType = sourcecode.c.h; path = "UIColor+HexString.h"; sourceTree = "<group>"; };
		19B038241E2C58D3006E25A2 /* UIColor+HexString.m */ = {isa = PBXFileReference; fileEncoding = 4; lastKnownFileType = sourcecode.c.objc; path = "UIColor+HexString.m"; sourceTree = "<group>"; };
		19B038251E2C58D3006E25A2 /* config.h */ = {isa = PBXFileReference; fileEncoding = 4; lastKnownFileType = sourcecode.c.h; path = config.h; sourceTree = "<group>"; };
		19B0382F1E2C5919006E25A2 /* AppDelegate.h */ = {isa = PBXFileReference; fileEncoding = 4; lastKnownFileType = sourcecode.c.h; path = AppDelegate.h; sourceTree = "<group>"; };
		19B038301E2C5919006E25A2 /* AppDelegate.m */ = {isa = PBXFileReference; fileEncoding = 4; lastKnownFileType = sourcecode.c.objc; path = AppDelegate.m; sourceTree = "<group>"; };
		19B038311E2C5919006E25A2 /* main.m */ = {isa = PBXFileReference; fileEncoding = 4; lastKnownFileType = sourcecode.c.objc; path = main.m; sourceTree = "<group>"; };
		19B038341E2D4171006E25A2 /* GoogleService-Info.plist */ = {isa = PBXFileReference; fileEncoding = 4; lastKnownFileType = text.plist.xml; path = "GoogleService-Info.plist"; sourceTree = "<group>"; };
		19B038461E2DE55B006E25A2 /* ShotTimesForBoiler.swift */ = {isa = PBXFileReference; fileEncoding = 4; lastKnownFileType = sourcecode.swift; path = ShotTimesForBoiler.swift; sourceTree = "<group>"; };
		19B038481E2DE55B006E25A2 /* TeamInMatchData.swift */ = {isa = PBXFileReference; fileEncoding = 4; lastKnownFileType = sourcecode.swift; path = TeamInMatchData.swift; sourceTree = "<group>"; };
		763F6CE09D211CAEC3E4C000 /* Pods-CurrentMatch.debug.xcconfig */ = {isa = PBXFileReference; includeInIndex = 1; lastKnownFileType = text.xcconfig; name = "Pods-CurrentMatch.debug.xcconfig"; path = "Pods/Target Support Files/Pods-CurrentMatch/Pods-CurrentMatch.debug.xcconfig"; sourceTree = "<group>"; };
		8C25A7CB1E33F2790012A23E /* CalculatedTeamInMatchData.swift */ = {isa = PBXFileReference; fileEncoding = 4; lastKnownFileType = sourcecode.swift; path = CalculatedTeamInMatchData.swift; sourceTree = "<group>"; };
		8C58686D1E34254E0056EA17 /* Base */ = {isa = PBXFileReference; lastKnownFileType = file.storyboard; name = Base; path = Base.lproj/Storyboard.storyboard; sourceTree = "<group>"; };
		8C58687E1E3426200056EA17 /* TodayViewController.swift */ = {isa = PBXFileReference; lastKnownFileType = sourcecode.swift; path = TodayViewController.swift; sourceTree = "<group>"; };
		8C58688C1E3426970056EA17 /* Info.plist */ = {isa = PBXFileReference; fileEncoding = 4; lastKnownFileType = text.plist.xml; path = Info.plist; sourceTree = "<group>"; };
		8C58688E1E342EFE0056EA17 /* ExtensionPrefixHeader.pch */ = {isa = PBXFileReference; lastKnownFileType = sourcecode.c.h; path = ExtensionPrefixHeader.pch; sourceTree = "<group>"; };
		8CBD712C1E354696009C0206 /* Current Match.appex */ = {isa = PBXFileReference; explicitFileType = "wrapper.app-extension"; includeInIndex = 0; path = "Current Match.appex"; sourceTree = BUILT_PRODUCTS_DIR; };
		8CBD712F1E354696009C0206 /* TodayViewController.swift */ = {isa = PBXFileReference; lastKnownFileType = sourcecode.swift; path = TodayViewController.swift; sourceTree = "<group>"; };
		8CBD71341E354696009C0206 /* Info.plist */ = {isa = PBXFileReference; lastKnownFileType = text.plist.xml; path = Info.plist; sourceTree = "<group>"; };
		8CBD713B1E3546D1009C0206 /* MainInterface.storyboard */ = {isa = PBXFileReference; fileEncoding = 4; lastKnownFileType = file.storyboard; path = MainInterface.storyboard; sourceTree = "<group>"; };
		8CBD713D1E355876009C0206 /* GoogleService-Info.plist */ = {isa = PBXFileReference; fileEncoding = 4; lastKnownFileType = text.plist.xml; path = "GoogleService-Info.plist"; sourceTree = "<group>"; };
		8CBD713F1E356CD1009C0206 /* CC 2017 Logo.png */ = {isa = PBXFileReference; lastKnownFileType = image.png; path = "CC 2017 Logo.png"; sourceTree = "<group>"; };
		8CBD71411E4695BE009C0206 /* Settings.bundle */ = {isa = PBXFileReference; lastKnownFileType = "wrapper.plug-in"; path = Settings.bundle; sourceTree = "<group>"; };
		8CD3CEA81E34074000B328A1 /* NotificationCenter.framework */ = {isa = PBXFileReference; lastKnownFileType = wrapper.framework; name = NotificationCenter.framework; path = System/Library/Frameworks/NotificationCenter.framework; sourceTree = SDKROOT; };
		8CD8FA691E5A2950004C2825 /* ios-viewer.entitlements */ = {isa = PBXFileReference; lastKnownFileType = text.plist.entitlements; path = "ios-viewer.entitlements"; sourceTree = "<group>"; };
		8CD8FA6A1E5A4474004C2825 /* NSData+NSData_HexString.h */ = {isa = PBXFileReference; fileEncoding = 4; lastKnownFileType = sourcecode.c.h; name = "NSData+NSData_HexString.h"; path = "../NSData+NSData_HexString.h"; sourceTree = "<group>"; };
		8CD8FA6B1E5A4474004C2825 /* NSData+NSData_HexString.m */ = {isa = PBXFileReference; fileEncoding = 4; lastKnownFileType = sourcecode.c.objc; name = "NSData+NSData_HexString.m"; path = "../NSData+NSData_HexString.m"; sourceTree = "<group>"; };
		ACA90B025BDD94DFE0A379CB /* Pods-ios-viewer.release.xcconfig */ = {isa = PBXFileReference; includeInIndex = 1; lastKnownFileType = text.xcconfig; name = "Pods-ios-viewer.release.xcconfig"; path = "Pods/Target Support Files/Pods-ios-viewer/Pods-ios-viewer.release.xcconfig"; sourceTree = "<group>"; };
		C12E5150009B8B4C0E520876 /* Pods_ios_viewer.framework */ = {isa = PBXFileReference; explicitFileType = wrapper.framework; includeInIndex = 0; path = Pods_ios_viewer.framework; sourceTree = BUILT_PRODUCTS_DIR; };
		CA0394ACA1B0BF4AF13EA11B /* Pods_Current_Match.framework */ = {isa = PBXFileReference; explicitFileType = wrapper.framework; includeInIndex = 0; path = Pods_Current_Match.framework; sourceTree = BUILT_PRODUCTS_DIR; };
		E090D67F37F412E6347A2014 /* Pods-Current Match.release.xcconfig */ = {isa = PBXFileReference; includeInIndex = 1; lastKnownFileType = text.xcconfig; name = "Pods-Current Match.release.xcconfig"; path = "Pods/Target Support Files/Pods-Current Match/Pods-Current Match.release.xcconfig"; sourceTree = "<group>"; };
		F11074FA4257F5BB24ADBB4D /* Pods-CurrentMatch.release.xcconfig */ = {isa = PBXFileReference; includeInIndex = 1; lastKnownFileType = text.xcconfig; name = "Pods-CurrentMatch.release.xcconfig"; path = "Pods/Target Support Files/Pods-CurrentMatch/Pods-CurrentMatch.release.xcconfig"; sourceTree = "<group>"; };
/* End PBXFileReference section */

/* Begin PBXFrameworksBuildPhase section */
		19B037B21E2C5739006E25A2 /* Frameworks */ = {
			isa = PBXFrameworksBuildPhase;
			buildActionMask = 2147483647;
			files = (
				DF1525F6C6F8117FF8E51A47 /* Pods_ios_viewer.framework in Frameworks */,
			);
			runOnlyForDeploymentPostprocessing = 0;
		};
		8CBD71291E354696009C0206 /* Frameworks */ = {
			isa = PBXFrameworksBuildPhase;
			buildActionMask = 2147483647;
			files = (
				8CBD712D1E354696009C0206 /* NotificationCenter.framework in Frameworks */,
				20B97B0927CBDC12735F6F22 /* Pods_Current_Match.framework in Frameworks */,
			);
			runOnlyForDeploymentPostprocessing = 0;
		};
/* End PBXFrameworksBuildPhase section */

/* Begin PBXGroup section */
		19B037AC1E2C5739006E25A2 = {
			isa = PBXGroup;
			children = (
				19B037B71E2C5739006E25A2 /* ios-viewer */,
				8C58687D1E3426200056EA17 /* CurrentMatch */,
				8CBD712E1E354696009C0206 /* Current Match */,
				19B037B61E2C5739006E25A2 /* Products */,
				19B037CA1E2C5789006E25A2 /* ios-viewer-Bridging-Header.h */,
				E88302B98B14AB62FE417541 /* Pods */,
				48ECDB9D8F73FADD323959E9 /* Frameworks */,
			);
			sourceTree = "<group>";
		};
		19B037B61E2C5739006E25A2 /* Products */ = {
			isa = PBXGroup;
			children = (
				19B037B51E2C5739006E25A2 /* ios-viewer.app */,
				8CBD712C1E354696009C0206 /* Current Match.appex */,
			);
			name = Products;
			sourceTree = "<group>";
		};
		19B037B71E2C5739006E25A2 /* ios-viewer */ = {
			isa = PBXGroup;
			children = (
				8CD8FA691E5A2950004C2825 /* ios-viewer.entitlements */,
				19B038361E2DD6EA006E25A2 /* Storyboards */,
				19B038381E2DD74C006E25A2 /* Schedule */,
				19B038391E2DD75B006E25A2 /* Seed */,
				19B0383A1E2DD76E006E25A2 /* Picklists */,
				19B037F01E2C5891006E25A2 /* FirebaseDataFetcher.swift */,
				19B037F11E2C5891006E25A2 /* TeamDetailsTableViewController.swift */,
				19B037F31E2C5891006E25A2 /* MatchDetailsViewController.swift */,
				19B037FF1E2C5891006E25A2 /* GraphViewController.swift */,
				19B038001E2C5891006E25A2 /* CurrentMatchManager.swift */,
				190DFE491E308B7700477B6D /* TIMDScheduleViewController.swift */,
				190DFE4B1E308BBD00477B6D /* TIMDDetailsViewController.swift */,
				19B038031E2C5891006E25A2 /* SortedRankTableViewController.swift */,
				19B038041E2C5891006E25A2 /* NotesTableViewController.swift */,
				19B037F51E2C5891006E25A2 /* Utils.swift */,
				19B0383B1E2DD7A3006E25A2 /* Models */,
				8CBD71411E4695BE009C0206 /* Settings.bundle */,
				19B0383D1E2DD844006E25A2 /* Custom Table View Cells */,
				19B037BF1E2C5739006E25A2 /* Assets.xcassets */,
				8CBD713F1E356CD1009C0206 /* CC 2017 Logo.png */,
				19B0383C1E2DD801006E25A2 /* Obj-C Boilerplate */,
				19B038371E2DD70C006E25A2 /* Plists */,
			);
			path = "ios-viewer";
			sourceTree = "<group>";
		};
		19B038361E2DD6EA006E25A2 /* Storyboards */ = {
			isa = PBXGroup;
			children = (
				19B037C11E2C5739006E25A2 /* LaunchScreen.storyboard */,
				19B037CB1E2C581C006E25A2 /* Main.storyboard */,
				19B037CC1E2C581C006E25A2 /* FirstPick.storyboard */,
				19B037CE1E2C581C006E25A2 /* Schedule.storyboard */,
				19B037CF1E2C581C006E25A2 /* SecondPick.storyboard */,
				19B037D01E2C581C006E25A2 /* Seeding.storyboard */,
				19B037D11E2C581C006E25A2 /* ThirdPick.storyboard */,
			);
			name = Storyboards;
			sourceTree = "<group>";
		};
		19B038371E2DD70C006E25A2 /* Plists */ = {
			isa = PBXGroup;
			children = (
				19B038341E2D4171006E25A2 /* GoogleService-Info.plist */,
				19B037C41E2C5739006E25A2 /* Info.plist */,
			);
			name = Plists;
			sourceTree = "<group>";
		};
		19B038381E2DD74C006E25A2 /* Schedule */ = {
			isa = PBXGroup;
			children = (
				19B037D91E2C586C006E25A2 /* ScheduleTableViewController.h */,
				19B037DA1E2C586C006E25A2 /* ScheduleTableViewController.m */,
				19B037DB1E2C586C006E25A2 /* SpecificTeamScheduleTableViewController.swift */,
				19B037DC1E2C586C006E25A2 /* MatchTableViewCell.h */,
				19B037DD1E2C586C006E25A2 /* MatchTableViewCell.m */,
				19B037DE1E2C586C006E25A2 /* MatchTableViewCell.xib */,
			);
			name = Schedule;
			sourceTree = "<group>";
		};
		19B038391E2DD75B006E25A2 /* Seed */ = {
			isa = PBXGroup;
			children = (
				19B037DF1E2C586C006E25A2 /* SeedTableViewController.h */,
				19B037E01E2C586C006E25A2 /* SeedTableViewController.m */,
				19B037E11E2C586C006E25A2 /* PredictedSeedTableViewController.h */,
				19B037E21E2C586C006E25A2 /* PredictedSeedTableViewController.m */,
			);
			name = Seed;
			sourceTree = "<group>";
		};
		19B0383A1E2DD76E006E25A2 /* Picklists */ = {
			isa = PBXGroup;
			children = (
				19B037E31E2C586C006E25A2 /* FirstPickTableViewController.h */,
				19B037E41E2C586C006E25A2 /* FirstPickTableViewController.m */,
				19B037E51E2C586C006E25A2 /* OverallSecondPickAbilityViewController.swift */,
			);
			name = Picklists;
			sourceTree = "<group>";
		};
		19B0383B1E2DD7A3006E25A2 /* Models */ = {
			isa = PBXGroup;
			children = (
				190DFE3D1E30697500477B6D /* CalculatedTeamData.swift */,
				8C25A7CB1E33F2790012A23E /* CalculatedTeamInMatchData.swift */,
				190DFE431E306A1700477B6D /* CalculatedMatchData.swift */,
				190DFE451E30703E00477B6D /* Match.swift */,
				19B038461E2DE55B006E25A2 /* ShotTimesForBoiler.swift */,
				19B038481E2DE55B006E25A2 /* TeamInMatchData.swift */,
				190DFE471E3079D000477B6D /* Team.swift */,
				19B037FC1E2C5891006E25A2 /* Reflectable.swift */,
			);
			name = Models;
			sourceTree = "<group>";
		};
		19B0383C1E2DD801006E25A2 /* Obj-C Boilerplate */ = {
			isa = PBXGroup;
			children = (
				8CD8FA6A1E5A4474004C2825 /* NSData+NSData_HexString.h */,
				8CD8FA6B1E5A4474004C2825 /* NSData+NSData_HexString.m */,
				19B0382F1E2C5919006E25A2 /* AppDelegate.h */,
				19B038301E2C5919006E25A2 /* AppDelegate.m */,
				19B038311E2C5919006E25A2 /* main.m */,
				19B038011E2C5891006E25A2 /* ArrayTableViewController.h */,
				19B038021E2C5891006E25A2 /* ArrayTableViewController.m */,
				19B0381F1E2C58D3006E25A2 /* NSAttributedString+OrdinalFormat.h */,
				19B038201E2C58D3006E25A2 /* NSAttributedString+OrdinalFormat.m */,
				19B038211E2C58D3006E25A2 /* UINavigationController+SGProgress.h */,
				19B038221E2C58D3006E25A2 /* UINavigationController+SGProgress.m */,
				19B038231E2C58D3006E25A2 /* UIColor+HexString.h */,
				19B038241E2C58D3006E25A2 /* UIColor+HexString.m */,
				19B038251E2C58D3006E25A2 /* config.h */,
			);
			name = "Obj-C Boilerplate";
			sourceTree = "<group>";
		};
		19B0383D1E2DD844006E25A2 /* Custom Table View Cells */ = {
			isa = PBXGroup;
			children = (
				190DFE4D1E308BDC00477B6D /* TIMDTableViewCell.swift */,
				190DFE4F1E308BE300477B6D /* TIMDTableViewCell.xib */,
				19B038181E2C58D3006E25A2 /* ResizableNotesTableViewCell.swift */,
				19B038191E2C58D3006E25A2 /* UnrankedTableViewCell.swift */,
				19B0381A1E2C58D3006E25A2 /* MultiCellTableViewCell.h */,
				19B0381B1E2C58D3006E25A2 /* MultiCellTableViewCell.m */,
				19B0381C1E2C58D3006E25A2 /* MultiCellTableViewCell.xib */,
				19B0381D1E2C58D3006E25A2 /* MechanismTableViewCell.swift */,
				19B0381E1E2C58D3006E25A2 /* MechanismTableViewCell.xib */,
			);
			name = "Custom Table View Cells";
			sourceTree = "<group>";
		};
		48ECDB9D8F73FADD323959E9 /* Frameworks */ = {
			isa = PBXGroup;
			children = (
				C12E5150009B8B4C0E520876 /* Pods_ios_viewer.framework */,
				8CD3CEA81E34074000B328A1 /* NotificationCenter.framework */,
				0A86C1ECE77EE7246AFCE4A8 /* Pods_CurrentMatch.framework */,
				CA0394ACA1B0BF4AF13EA11B /* Pods_Current_Match.framework */,
			);
			name = Frameworks;
			sourceTree = "<group>";
		};
		8C58687D1E3426200056EA17 /* CurrentMatch */ = {
			isa = PBXGroup;
			children = (
				8C58687E1E3426200056EA17 /* TodayViewController.swift */,
				8C58688E1E342EFE0056EA17 /* ExtensionPrefixHeader.pch */,
				8C58686C1E34254E0056EA17 /* Storyboard.storyboard */,
				8C58688C1E3426970056EA17 /* Info.plist */,
			);
			path = CurrentMatch;
			sourceTree = "<group>";
		};
		8CBD712E1E354696009C0206 /* Current Match */ = {
			isa = PBXGroup;
			children = (
				8CBD712F1E354696009C0206 /* TodayViewController.swift */,
				8CBD713B1E3546D1009C0206 /* MainInterface.storyboard */,
				8CBD713D1E355876009C0206 /* GoogleService-Info.plist */,
				8CBD71341E354696009C0206 /* Info.plist */,
			);
			path = "Current Match";
			sourceTree = "<group>";
		};
		E88302B98B14AB62FE417541 /* Pods */ = {
			isa = PBXGroup;
			children = (
				17C3CB7B0693450E7F32640F /* Pods-ios-viewer.debug.xcconfig */,
				ACA90B025BDD94DFE0A379CB /* Pods-ios-viewer.release.xcconfig */,
				763F6CE09D211CAEC3E4C000 /* Pods-CurrentMatch.debug.xcconfig */,
				F11074FA4257F5BB24ADBB4D /* Pods-CurrentMatch.release.xcconfig */,
				0562B80EE4C07093F7297E43 /* Pods-Current Match.debug.xcconfig */,
				E090D67F37F412E6347A2014 /* Pods-Current Match.release.xcconfig */,
			);
			name = Pods;
			sourceTree = "<group>";
		};
/* End PBXGroup section */

/* Begin PBXNativeTarget section */
		19B037B41E2C5739006E25A2 /* ios-viewer */ = {
			isa = PBXNativeTarget;
			buildConfigurationList = 19B037C71E2C5739006E25A2 /* Build configuration list for PBXNativeTarget "ios-viewer" */;
			buildPhases = (
				99413070950C583F7307D74D /* [CP] Check Pods Manifest.lock */,
				19B037B11E2C5739006E25A2 /* Sources */,
				19B037B21E2C5739006E25A2 /* Frameworks */,
				19B037B31E2C5739006E25A2 /* Resources */,
				0E372FC2A11D6315A93EA2AC /* [CP] Embed Pods Frameworks */,
				10885DE3B5B3FE7B366CD7D9 /* [CP] Copy Pods Resources */,
				8CD3CEB71E34074000B328A1 /* Embed App Extensions */,
			);
			buildRules = (
			);
			dependencies = (
				8CBD71361E354696009C0206 /* PBXTargetDependency */,
			);
			name = "ios-viewer";
			productName = "ios-viewer";
			productReference = 19B037B51E2C5739006E25A2 /* ios-viewer.app */;
			productType = "com.apple.product-type.application";
		};
		8CBD712B1E354696009C0206 /* Current Match */ = {
			isa = PBXNativeTarget;
			buildConfigurationList = 8CBD713A1E354696009C0206 /* Build configuration list for PBXNativeTarget "Current Match" */;
			buildPhases = (
				C069A607C8120A3AF2DD9CF4 /* [CP] Check Pods Manifest.lock */,
				8CBD71281E354696009C0206 /* Sources */,
				8CBD71291E354696009C0206 /* Frameworks */,
				8CBD712A1E354696009C0206 /* Resources */,
				6637B2682C22D757EFC687F7 /* [CP] Copy Pods Resources */,
			);
			buildRules = (
			);
			dependencies = (
			);
			name = "Current Match";
			productName = "Current Match";
			productReference = 8CBD712C1E354696009C0206 /* Current Match.appex */;
			productType = "com.apple.product-type.app-extension";
		};
/* End PBXNativeTarget section */

/* Begin PBXProject section */
		19B037AD1E2C5739006E25A2 /* Project object */ = {
			isa = PBXProject;
			attributes = {
				LastSwiftUpdateCheck = 0820;
				LastUpgradeCheck = 0820;
				ORGANIZATIONNAME = brytonmoeller;
				TargetAttributes = {
					19B037B41E2C5739006E25A2 = {
						CreatedOnToolsVersion = 8.2.1;
						DevelopmentTeam = S2C8988WQX;
						LastSwiftMigration = 0820;
						ProvisioningStyle = Automatic;
						SystemCapabilities = {
							com.apple.BackgroundModes = {
								enabled = 1;
							};
							com.apple.Push = {
								enabled = 1;
							};
						};
					};
					8CBD712B1E354696009C0206 = {
						CreatedOnToolsVersion = 8.2.1;
						DevelopmentTeam = S2C8988WQX;
						ProvisioningStyle = Automatic;
					};
				};
			};
			buildConfigurationList = 19B037B01E2C5739006E25A2 /* Build configuration list for PBXProject "ios-viewer" */;
			compatibilityVersion = "Xcode 3.2";
			developmentRegion = English;
			hasScannedForEncodings = 0;
			knownRegions = (
				en,
				Base,
			);
			mainGroup = 19B037AC1E2C5739006E25A2;
			productRefGroup = 19B037B61E2C5739006E25A2 /* Products */;
			projectDirPath = "";
			projectRoot = "";
			targets = (
				19B037B41E2C5739006E25A2 /* ios-viewer */,
				8CBD712B1E354696009C0206 /* Current Match */,
			);
		};
/* End PBXProject section */

/* Begin PBXResourcesBuildPhase section */
		19B037B31E2C5739006E25A2 /* Resources */ = {
			isa = PBXResourcesBuildPhase;
			buildActionMask = 2147483647;
			files = (
				19B038351E2D4171006E25A2 /* GoogleService-Info.plist in Resources */,
				19B037D71E2C581C006E25A2 /* Seeding.storyboard in Resources */,
				19B037D81E2C581C006E25A2 /* ThirdPick.storyboard in Resources */,
				19B0382B1E2C58D3006E25A2 /* MechanismTableViewCell.xib in Resources */,
				19B038291E2C58D3006E25A2 /* MultiCellTableViewCell.xib in Resources */,
				8C5868711E34254E0056EA17 /* Storyboard.storyboard in Resources */,
				19B037D21E2C581C006E25A2 /* Main.storyboard in Resources */,
				19B037C31E2C5739006E25A2 /* LaunchScreen.storyboard in Resources */,
				8CBD71421E4695BE009C0206 /* Settings.bundle in Resources */,
				8CBD71401E356CD1009C0206 /* CC 2017 Logo.png in Resources */,
				19B037EA1E2C586C006E25A2 /* MatchTableViewCell.xib in Resources */,
				19B037D31E2C581C006E25A2 /* FirstPick.storyboard in Resources */,
				190DFE501E308BE300477B6D /* TIMDTableViewCell.xib in Resources */,
				19B037C01E2C5739006E25A2 /* Assets.xcassets in Resources */,
				19B037D61E2C581C006E25A2 /* SecondPick.storyboard in Resources */,
				19B037D51E2C581C006E25A2 /* Schedule.storyboard in Resources */,
			);
			runOnlyForDeploymentPostprocessing = 0;
		};
		8CBD712A1E354696009C0206 /* Resources */ = {
			isa = PBXResourcesBuildPhase;
			buildActionMask = 2147483647;
			files = (
				8CBD713C1E3546D1009C0206 /* MainInterface.storyboard in Resources */,
				8CBD713E1E355876009C0206 /* GoogleService-Info.plist in Resources */,
			);
			runOnlyForDeploymentPostprocessing = 0;
		};
/* End PBXResourcesBuildPhase section */

/* Begin PBXShellScriptBuildPhase section */
		0E372FC2A11D6315A93EA2AC /* [CP] Embed Pods Frameworks */ = {
			isa = PBXShellScriptBuildPhase;
			buildActionMask = 2147483647;
			files = (
			);
			inputPaths = (
			);
			name = "[CP] Embed Pods Frameworks";
			outputPaths = (
			);
			runOnlyForDeploymentPostprocessing = 0;
			shellPath = /bin/sh;
			shellScript = "\"${SRCROOT}/Pods/Target Support Files/Pods-ios-viewer/Pods-ios-viewer-frameworks.sh\"\n";
			showEnvVarsInLog = 0;
		};
		10885DE3B5B3FE7B366CD7D9 /* [CP] Copy Pods Resources */ = {
			isa = PBXShellScriptBuildPhase;
			buildActionMask = 2147483647;
			files = (
			);
			inputPaths = (
			);
			name = "[CP] Copy Pods Resources";
			outputPaths = (
			);
			runOnlyForDeploymentPostprocessing = 0;
			shellPath = /bin/sh;
			shellScript = "\"${SRCROOT}/Pods/Target Support Files/Pods-ios-viewer/Pods-ios-viewer-resources.sh\"\n";
			showEnvVarsInLog = 0;
		};
		6637B2682C22D757EFC687F7 /* [CP] Copy Pods Resources */ = {
			isa = PBXShellScriptBuildPhase;
			buildActionMask = 2147483647;
			files = (
			);
			inputPaths = (
			);
			name = "[CP] Copy Pods Resources";
			outputPaths = (
			);
			runOnlyForDeploymentPostprocessing = 0;
			shellPath = /bin/sh;
			shellScript = "\"${SRCROOT}/Pods/Target Support Files/Pods-Current Match/Pods-Current Match-resources.sh\"\n";
			showEnvVarsInLog = 0;
		};
		99413070950C583F7307D74D /* [CP] Check Pods Manifest.lock */ = {
			isa = PBXShellScriptBuildPhase;
			buildActionMask = 2147483647;
			files = (
			);
			inputPaths = (
			);
			name = "[CP] Check Pods Manifest.lock";
			outputPaths = (
			);
			runOnlyForDeploymentPostprocessing = 0;
			shellPath = /bin/sh;
			shellScript = "diff \"${PODS_ROOT}/../Podfile.lock\" \"${PODS_ROOT}/Manifest.lock\" > /dev/null\nif [ $? != 0 ] ; then\n    # print error to STDERR\n    echo \"error: The sandbox is not in sync with the Podfile.lock. Run 'pod install' or update your CocoaPods installation.\" >&2\n    exit 1\nfi\n";
			showEnvVarsInLog = 0;
		};
		C069A607C8120A3AF2DD9CF4 /* [CP] Check Pods Manifest.lock */ = {
			isa = PBXShellScriptBuildPhase;
			buildActionMask = 2147483647;
			files = (
			);
			inputPaths = (
			);
			name = "[CP] Check Pods Manifest.lock";
			outputPaths = (
			);
			runOnlyForDeploymentPostprocessing = 0;
			shellPath = /bin/sh;
			shellScript = "diff \"${PODS_ROOT}/../Podfile.lock\" \"${PODS_ROOT}/Manifest.lock\" > /dev/null\nif [ $? != 0 ] ; then\n    # print error to STDERR\n    echo \"error: The sandbox is not in sync with the Podfile.lock. Run 'pod install' or update your CocoaPods installation.\" >&2\n    exit 1\nfi\n";
			showEnvVarsInLog = 0;
		};
/* End PBXShellScriptBuildPhase section */

/* Begin PBXSourcesBuildPhase section */
		19B037B11E2C5739006E25A2 /* Sources */ = {
			isa = PBXSourcesBuildPhase;
			buildActionMask = 2147483647;
			files = (
				190DFE3E1E30697500477B6D /* CalculatedTeamData.swift in Sources */,
				19B038491E2DE55B006E25A2 /* ShotTimesForBoiler.swift in Sources */,
				19B038131E2C5891006E25A2 /* GraphViewController.swift in Sources */,
				19B038151E2C5891006E25A2 /* ArrayTableViewController.m in Sources */,
				19B038051E2C5891006E25A2 /* FirebaseDataFetcher.swift in Sources */,
				19B037E81E2C586C006E25A2 /* SpecificTeamScheduleTableViewController.swift in Sources */,
				19B0384B1E2DE55B006E25A2 /* TeamInMatchData.swift in Sources */,
				190DFE4A1E308B7700477B6D /* TIMDScheduleViewController.swift in Sources */,
				190DFE481E3079D000477B6D /* Team.swift in Sources */,
				19B037EE1E2C586C006E25A2 /* OverallSecondPickAbilityViewController.swift in Sources */,
				8C25A7CC1E33F2790012A23E /* CalculatedTeamInMatchData.swift in Sources */,
				190DFE4E1E308BDC00477B6D /* TIMDTableViewCell.swift in Sources */,
				19B037E91E2C586C006E25A2 /* MatchTableViewCell.m in Sources */,
				19B0382A1E2C58D3006E25A2 /* MechanismTableViewCell.swift in Sources */,
				19B038141E2C5891006E25A2 /* CurrentMatchManager.swift in Sources */,
				19B038171E2C5891006E25A2 /* NotesTableViewController.swift in Sources */,
				19B038161E2C5891006E25A2 /* SortedRankTableViewController.swift in Sources */,
				19B0380A1E2C5891006E25A2 /* Utils.swift in Sources */,
				19B0382E1E2C58D3006E25A2 /* UIColor+HexString.m in Sources */,
				19B038111E2C5891006E25A2 /* Reflectable.swift in Sources */,
				19B0382C1E2C58D3006E25A2 /* NSAttributedString+OrdinalFormat.m in Sources */,
				8CD8FA6C1E5A4474004C2825 /* NSData+NSData_HexString.m in Sources */,
				19B037EB1E2C586C006E25A2 /* SeedTableViewController.m in Sources */,
				190DFE4C1E308BBD00477B6D /* TIMDDetailsViewController.swift in Sources */,
				19B038261E2C58D3006E25A2 /* ResizableNotesTableViewCell.swift in Sources */,
				19B0382D1E2C58D3006E25A2 /* UINavigationController+SGProgress.m in Sources */,
				19B037EC1E2C586C006E25A2 /* PredictedSeedTableViewController.m in Sources */,
				19B038271E2C58D3006E25A2 /* UnrankedTableViewCell.swift in Sources */,
				19B037E71E2C586C006E25A2 /* ScheduleTableViewController.m in Sources */,
				190DFE461E30703E00477B6D /* Match.swift in Sources */,
				19B037ED1E2C586C006E25A2 /* FirstPickTableViewController.m in Sources */,
				19B038281E2C58D3006E25A2 /* MultiCellTableViewCell.m in Sources */,
				19B038081E2C5891006E25A2 /* MatchDetailsViewController.swift in Sources */,
				19B038061E2C5891006E25A2 /* TeamDetailsTableViewController.swift in Sources */,
				190DFE441E306A1700477B6D /* CalculatedMatchData.swift in Sources */,
				19B038331E2C5919006E25A2 /* main.m in Sources */,
				19B038321E2C5919006E25A2 /* AppDelegate.m in Sources */,
			);
			runOnlyForDeploymentPostprocessing = 0;
		};
		8CBD71281E354696009C0206 /* Sources */ = {
			isa = PBXSourcesBuildPhase;
			buildActionMask = 2147483647;
			files = (
				8CBD71301E354696009C0206 /* TodayViewController.swift in Sources */,
			);
			runOnlyForDeploymentPostprocessing = 0;
		};
/* End PBXSourcesBuildPhase section */

/* Begin PBXTargetDependency section */
		8CBD71361E354696009C0206 /* PBXTargetDependency */ = {
			isa = PBXTargetDependency;
			target = 8CBD712B1E354696009C0206 /* Current Match */;
			targetProxy = 8CBD71351E354696009C0206 /* PBXContainerItemProxy */;
		};
/* End PBXTargetDependency section */

/* Begin PBXVariantGroup section */
		19B037C11E2C5739006E25A2 /* LaunchScreen.storyboard */ = {
			isa = PBXVariantGroup;
			children = (
				19B037C21E2C5739006E25A2 /* Base */,
			);
			name = LaunchScreen.storyboard;
			sourceTree = "<group>";
		};
		8C58686C1E34254E0056EA17 /* Storyboard.storyboard */ = {
			isa = PBXVariantGroup;
			children = (
				8C58686D1E34254E0056EA17 /* Base */,
			);
			name = Storyboard.storyboard;
			sourceTree = "<group>";
		};
/* End PBXVariantGroup section */

/* Begin XCBuildConfiguration section */
		19B037C51E2C5739006E25A2 /* Debug */ = {
			isa = XCBuildConfiguration;
			buildSettings = {
				ALWAYS_SEARCH_USER_PATHS = NO;
				CLANG_ANALYZER_NONNULL = YES;
				CLANG_CXX_LANGUAGE_STANDARD = "gnu++0x";
				CLANG_CXX_LIBRARY = "libc++";
				CLANG_ENABLE_MODULES = YES;
				CLANG_ENABLE_OBJC_ARC = YES;
				CLANG_WARN_BOOL_CONVERSION = YES;
				CLANG_WARN_CONSTANT_CONVERSION = YES;
				CLANG_WARN_DIRECT_OBJC_ISA_USAGE = YES_ERROR;
				CLANG_WARN_DOCUMENTATION_COMMENTS = YES;
				CLANG_WARN_EMPTY_BODY = YES;
				CLANG_WARN_ENUM_CONVERSION = YES;
				CLANG_WARN_INFINITE_RECURSION = YES;
				CLANG_WARN_INT_CONVERSION = YES;
				CLANG_WARN_OBJC_ROOT_CLASS = YES_ERROR;
				CLANG_WARN_SUSPICIOUS_MOVE = YES;
				CLANG_WARN_UNREACHABLE_CODE = YES;
				CLANG_WARN__DUPLICATE_METHOD_MATCH = YES;
				"CODE_SIGN_IDENTITY[sdk=iphoneos*]" = "iPhone Developer";
				COPY_PHASE_STRIP = NO;
				DEBUG_INFORMATION_FORMAT = dwarf;
				ENABLE_STRICT_OBJC_MSGSEND = YES;
				ENABLE_TESTABILITY = YES;
				GCC_C_LANGUAGE_STANDARD = gnu99;
				GCC_DYNAMIC_NO_PIC = NO;
				GCC_NO_COMMON_BLOCKS = YES;
				GCC_OPTIMIZATION_LEVEL = 0;
				GCC_PREPROCESSOR_DEFINITIONS = (
					"DEBUG=1",
					"$(inherited)",
				);
				GCC_WARN_64_TO_32_BIT_CONVERSION = YES;
				GCC_WARN_ABOUT_RETURN_TYPE = YES_ERROR;
				GCC_WARN_UNDECLARED_SELECTOR = YES;
				GCC_WARN_UNINITIALIZED_AUTOS = YES_AGGRESSIVE;
				GCC_WARN_UNUSED_FUNCTION = YES;
				GCC_WARN_UNUSED_VARIABLE = YES;
				IPHONEOS_DEPLOYMENT_TARGET = 10.2;
				MTL_ENABLE_DEBUG_INFO = YES;
				ONLY_ACTIVE_ARCH = YES;
				SDKROOT = iphoneos;
				SWIFT_ACTIVE_COMPILATION_CONDITIONS = DEBUG;
				SWIFT_OPTIMIZATION_LEVEL = "-Onone";
				TARGETED_DEVICE_FAMILY = "1,2";
			};
			name = Debug;
		};
		19B037C61E2C5739006E25A2 /* Release */ = {
			isa = XCBuildConfiguration;
			buildSettings = {
				ALWAYS_SEARCH_USER_PATHS = NO;
				CLANG_ANALYZER_NONNULL = YES;
				CLANG_CXX_LANGUAGE_STANDARD = "gnu++0x";
				CLANG_CXX_LIBRARY = "libc++";
				CLANG_ENABLE_MODULES = YES;
				CLANG_ENABLE_OBJC_ARC = YES;
				CLANG_WARN_BOOL_CONVERSION = YES;
				CLANG_WARN_CONSTANT_CONVERSION = YES;
				CLANG_WARN_DIRECT_OBJC_ISA_USAGE = YES_ERROR;
				CLANG_WARN_DOCUMENTATION_COMMENTS = YES;
				CLANG_WARN_EMPTY_BODY = YES;
				CLANG_WARN_ENUM_CONVERSION = YES;
				CLANG_WARN_INFINITE_RECURSION = YES;
				CLANG_WARN_INT_CONVERSION = YES;
				CLANG_WARN_OBJC_ROOT_CLASS = YES_ERROR;
				CLANG_WARN_SUSPICIOUS_MOVE = YES;
				CLANG_WARN_UNREACHABLE_CODE = YES;
				CLANG_WARN__DUPLICATE_METHOD_MATCH = YES;
				"CODE_SIGN_IDENTITY[sdk=iphoneos*]" = "iPhone Developer";
				COPY_PHASE_STRIP = NO;
				DEBUG_INFORMATION_FORMAT = "dwarf-with-dsym";
				ENABLE_NS_ASSERTIONS = NO;
				ENABLE_STRICT_OBJC_MSGSEND = YES;
				GCC_C_LANGUAGE_STANDARD = gnu99;
				GCC_NO_COMMON_BLOCKS = YES;
				GCC_WARN_64_TO_32_BIT_CONVERSION = YES;
				GCC_WARN_ABOUT_RETURN_TYPE = YES_ERROR;
				GCC_WARN_UNDECLARED_SELECTOR = YES;
				GCC_WARN_UNINITIALIZED_AUTOS = YES_AGGRESSIVE;
				GCC_WARN_UNUSED_FUNCTION = YES;
				GCC_WARN_UNUSED_VARIABLE = YES;
				IPHONEOS_DEPLOYMENT_TARGET = 10.2;
				MTL_ENABLE_DEBUG_INFO = NO;
				SDKROOT = iphoneos;
				SWIFT_OPTIMIZATION_LEVEL = "-Owholemodule";
				TARGETED_DEVICE_FAMILY = "1,2";
				VALIDATE_PRODUCT = YES;
			};
			name = Release;
		};
		19B037C81E2C5739006E25A2 /* Debug */ = {
			isa = XCBuildConfiguration;
			baseConfigurationReference = 17C3CB7B0693450E7F32640F /* Pods-ios-viewer.debug.xcconfig */;
			buildSettings = {
				ALWAYS_EMBED_SWIFT_STANDARD_LIBRARIES = YES;
				ASSETCATALOG_COMPILER_APPICON_NAME = AppIcon;
				CLANG_ENABLE_MODULES = YES;
				CODE_SIGN_ENTITLEMENTS = "ios-viewer/ios-viewer.entitlements";
				DEVELOPMENT_TEAM = S2C8988WQX;
				FRAMEWORK_SEARCH_PATHS = (
					"$(inherited)",
					"$(PROJECT_DIR)/HockeySDK.embeddedframework",
				);
				INFOPLIST_FILE = "ios-viewer/Info.plist";
				LD_RUNPATH_SEARCH_PATHS = "$(inherited) @executable_path/Frameworks";
				PRODUCT_BUNDLE_IDENTIFIER = "org.brytonmoeller.ios-viewer";
				PRODUCT_NAME = "$(TARGET_NAME)";
				SWIFT_OBJC_BRIDGING_HEADER = "ios-viewer-Bridging-Header.h";
				SWIFT_OPTIMIZATION_LEVEL = "-Onone";
				SWIFT_VERSION = 3.0;
			};
			name = Debug;
		};
		19B037C91E2C5739006E25A2 /* Release */ = {
			isa = XCBuildConfiguration;
			baseConfigurationReference = ACA90B025BDD94DFE0A379CB /* Pods-ios-viewer.release.xcconfig */;
			buildSettings = {
				ALWAYS_EMBED_SWIFT_STANDARD_LIBRARIES = YES;
				ASSETCATALOG_COMPILER_APPICON_NAME = AppIcon;
				CLANG_ENABLE_MODULES = YES;
				CODE_SIGN_ENTITLEMENTS = "ios-viewer/ios-viewer.entitlements";
				DEVELOPMENT_TEAM = S2C8988WQX;
				FRAMEWORK_SEARCH_PATHS = (
					"$(inherited)",
					"$(PROJECT_DIR)/HockeySDK.embeddedframework",
				);
				INFOPLIST_FILE = "ios-viewer/Info.plist";
				LD_RUNPATH_SEARCH_PATHS = "$(inherited) @executable_path/Frameworks";
				PRODUCT_BUNDLE_IDENTIFIER = "org.brytonmoeller.ios-viewer";
				PRODUCT_NAME = "$(TARGET_NAME)";
				SWIFT_OBJC_BRIDGING_HEADER = "ios-viewer-Bridging-Header.h";
				SWIFT_VERSION = 3.0;
			};
			name = Release;
		};
		8CBD71381E354696009C0206 /* Debug */ = {
			isa = XCBuildConfiguration;
			baseConfigurationReference = 0562B80EE4C07093F7297E43 /* Pods-Current Match.debug.xcconfig */;
			buildSettings = {
				DEVELOPMENT_TEAM = S2C8988WQX;
				INFOPLIST_FILE = "Current Match/Info.plist";
				LD_RUNPATH_SEARCH_PATHS = "$(inherited) @executable_path/Frameworks @executable_path/../../Frameworks";
				PRODUCT_BUNDLE_IDENTIFIER = "org.brytonmoeller.ios-viewer.Current-Match";
				PRODUCT_NAME = "$(TARGET_NAME)";
				SKIP_INSTALL = YES;
				SWIFT_VERSION = 3.0;
			};
			name = Debug;
		};
		8CBD71391E354696009C0206 /* Release */ = {
			isa = XCBuildConfiguration;
			baseConfigurationReference = E090D67F37F412E6347A2014 /* Pods-Current Match.release.xcconfig */;
			buildSettings = {
				DEVELOPMENT_TEAM = S2C8988WQX;
				INFOPLIST_FILE = "Current Match/Info.plist";
				LD_RUNPATH_SEARCH_PATHS = "$(inherited) @executable_path/Frameworks @executable_path/../../Frameworks";
				PRODUCT_BUNDLE_IDENTIFIER = "org.brytonmoeller.ios-viewer.Current-Match";
				PRODUCT_NAME = "$(TARGET_NAME)";
				SKIP_INSTALL = YES;
				SWIFT_VERSION = 3.0;
			};
			name = Release;
		};
/* End XCBuildConfiguration section */

/* Begin XCConfigurationList section */
		19B037B01E2C5739006E25A2 /* Build configuration list for PBXProject "ios-viewer" */ = {
			isa = XCConfigurationList;
			buildConfigurations = (
				19B037C51E2C5739006E25A2 /* Debug */,
				19B037C61E2C5739006E25A2 /* Release */,
			);
			defaultConfigurationIsVisible = 0;
			defaultConfigurationName = Release;
		};
		19B037C71E2C5739006E25A2 /* Build configuration list for PBXNativeTarget "ios-viewer" */ = {
			isa = XCConfigurationList;
			buildConfigurations = (
				19B037C81E2C5739006E25A2 /* Debug */,
				19B037C91E2C5739006E25A2 /* Release */,
			);
			defaultConfigurationIsVisible = 0;
			defaultConfigurationName = Release;
		};
		8CBD713A1E354696009C0206 /* Build configuration list for PBXNativeTarget "Current Match" */ = {
			isa = XCConfigurationList;
			buildConfigurations = (
				8CBD71381E354696009C0206 /* Debug */,
				8CBD71391E354696009C0206 /* Release */,
			);
			defaultConfigurationIsVisible = 0;
			defaultConfigurationName = Release;
		};
/* End XCConfigurationList section */
	};
	rootObject = 19B037AD1E2C5739006E25A2 /* Project object */;
}
