PODS:
  - DACircularProgress (2.3.1)
  - Firebase (2.5.0)
  - firebase-schema-2016-ios (0.0.1)
  - JBChartView (3.0.6)
  - MBProgressHUD (0.9.2)
  - MWPhotoBrowser (2.1.1):
    - DACircularProgress (~> 2.3)
    - MBProgressHUD (~> 0.9)
    - SDWebImage (!= 3.7.2, ~> 3.7)
  - SDWebImage (3.7.5):
    - SDWebImage/Core (= 3.7.5)
  - SDWebImage/Core (3.7.5)

DEPENDENCIES:
  - Firebase (>= 2.5.0)
  - firebase-schema-2016-ios (from `https://github.com/frc1678/firebase-schema-2016-ios.git`)
  - JBChartView
  - MWPhotoBrowser (from `https://github.com/mwaterfall/MWPhotoBrowser.git`)

EXTERNAL SOURCES:
  firebase-schema-2016-ios:
    :git: https://github.com/frc1678/firebase-schema-2016-ios.git
  MWPhotoBrowser:
    :git: https://github.com/mwaterfall/MWPhotoBrowser.git

CHECKOUT OPTIONS:
  firebase-schema-2016-ios:
    :commit: 7b47e7c16285ce81815404820367c48d9234737c
    :git: https://github.com/frc1678/firebase-schema-2016-ios.git
  MWPhotoBrowser:
    :commit: 3d6efbb9240799408bdf47b1c0794e2068baefc8
    :git: https://github.com/mwaterfall/MWPhotoBrowser.git

SPEC CHECKSUMS:
  DACircularProgress: 4dd437c0fc3da5161cb289e07ac449493d41db71
  Firebase: 744617c0733b45198f9486ebd5cac64ec2d10d79
  firebase-schema-2016-ios: 172ffba71ecfd9b77c363c79960458a0e846907d
  JBChartView: 5e4ab567158a45184bc26b295b06e7cb9cf38349
  MBProgressHUD: 1569cf7ace17a8bac47aabfbb8580a49690386d1
  MWPhotoBrowser: cebf3540db6b5116f1ad3e3e4c1b9aa11c0bf25f
  SDWebImage: 69c6303e3348fba97e03f65d65d4fbc26740f461

COCOAPODS: 0.39.0
