// !$*UTF8*$!
{
	archiveVersion = 1;
	classes = {
	};
	objectVersion = 46;
	objects = {

/* Begin PBXBuildFile section */
		0E85D71B618A448B241FA30B /* Pods_scout_viewer_2016_iOS.framework in Frameworks */ = {isa = PBXBuildFile; fileRef = 2811AE94105C3496CB311922 /* Pods_scout_viewer_2016_iOS.framework */; };
		191B81151CB1BFDF00139FC3 /* Settings.bundle in Resources */ = {isa = PBXBuildFile; fileRef = 191B81141CB1BDC200139FC3 /* Settings.bundle */; };
		194245CC1D33266400F9B8D7 /* GoogleService-Info.plist in Resources */ = {isa = PBXBuildFile; fileRef = 194245CB1D33266400F9B8D7 /* GoogleService-Info.plist */; };
		19427B6F1D2AF6E80041FB1D /* SpecificTeamScheduleTableViewController.swift in Sources */ = {isa = PBXBuildFile; fileRef = 19427B6E1D2AF6E80041FB1D /* SpecificTeamScheduleTableViewController.swift */; };
		194587981C7D6DC900507019 /* OverallSecondPickAbilityViewController.swift in Sources */ = {isa = PBXBuildFile; fileRef = 194587971C7D6DC900507019 /* OverallSecondPickAbilityViewController.swift */; };
		19498EE31CB04EA500CF5236 /* NotesTableViewController.swift in Sources */ = {isa = PBXBuildFile; fileRef = 19498EE21CB04EA500CF5236 /* NotesTableViewController.swift */; };
		1957FC961DE8D6B300992D10 /* Reflectable.swift in Sources */ = {isa = PBXBuildFile; fileRef = 1957FC951DE8D6B300992D10 /* Reflectable.swift */; };
		1957FC981DE8D93900992D10 /* Images.xcassets in Resources */ = {isa = PBXBuildFile; fileRef = 1957FC971DE8D93900992D10 /* Images.xcassets */; };
		1957FC9B1DE8E75300992D10 /* FirstPick.storyboard in Resources */ = {isa = PBXBuildFile; fileRef = 1957FC991DE8E75300992D10 /* FirstPick.storyboard */; };
		1957FCA01DE8E83F00992D10 /* Schedule.storyboard in Resources */ = {isa = PBXBuildFile; fileRef = 1957FC9E1DE8E83F00992D10 /* Schedule.storyboard */; };
		1957FCA21DE8E89A00992D10 /* ThirdPick.storyboard in Resources */ = {isa = PBXBuildFile; fileRef = 1957FCA11DE8E89A00992D10 /* ThirdPick.storyboard */; };
		1957FCA51DE8E8BD00992D10 /* SecondPick.storyboard in Resources */ = {isa = PBXBuildFile; fileRef = 1957FCA31DE8E8BD00992D10 /* SecondPick.storyboard */; };
		1957FCA71DE8E93500992D10 /* Seeding.storyboard in Resources */ = {isa = PBXBuildFile; fileRef = 1957FCA61DE8E93500992D10 /* Seeding.storyboard */; };
		400603FC1CB197CA005ADEC5 /* CurrentMatchManager.swift in Sources */ = {isa = PBXBuildFile; fileRef = 400603FB1CB197CA005ADEC5 /* CurrentMatchManager.swift */; };
		400F75ED1C666D4B00EA03FA /* ConditionalSecondPickTableViewController.swift in Sources */ = {isa = PBXBuildFile; fileRef = 400F75EC1C666D4B00EA03FA /* ConditionalSecondPickTableViewController.swift */; };
		40780DC51C59C05700ACF489 /* Match.swift in Sources */ = {isa = PBXBuildFile; fileRef = 40780DC21C59C05700ACF489 /* Match.swift */; };
		40780DC61C59C05700ACF489 /* CalculatedTeamData.swift in Sources */ = {isa = PBXBuildFile; fileRef = 40780DC31C59C05700ACF489 /* CalculatedTeamData.swift */; };
		40780DC71C59C05700ACF489 /* TeamInMatchData.swift in Sources */ = {isa = PBXBuildFile; fileRef = 40780DC41C59C05700ACF489 /* TeamInMatchData.swift */; };
		40780DCA1C59C05E00ACF489 /* MatchCalculatedData.swift in Sources */ = {isa = PBXBuildFile; fileRef = 40780DC81C59C05E00ACF489 /* MatchCalculatedData.swift */; };
		40780DCB1C59C05E00ACF489 /* Team.swift in Sources */ = {isa = PBXBuildFile; fileRef = 40780DC91C59C05E00ACF489 /* Team.swift */; };
		40A0F4031C55A37200DEB64C /* NetworkExtension.framework in Frameworks */ = {isa = PBXBuildFile; fileRef = 40A0F4021C55A37200DEB64C /* NetworkExtension.framework */; };
		40A14D721CACC70800CCFC2C /* SortedRankTableViewController.swift in Sources */ = {isa = PBXBuildFile; fileRef = 40A14D711CACC70800CCFC2C /* SortedRankTableViewController.swift */; };
		40B551C91C702C01006089EA /* TeamInMatchCalculatedData.swift in Sources */ = {isa = PBXBuildFile; fileRef = 40B551C81C702C01006089EA /* TeamInMatchCalculatedData.swift */; };
		40CF57A11C6C30DD00D9B63B /* DefenseTableViewController.swift in Sources */ = {isa = PBXBuildFile; fileRef = 40CF57A01C6C30DD00D9B63B /* DefenseTableViewController.swift */; };
		40E43E401C544E3900ABC378 /* FirebaseDataFetcher.swift in Sources */ = {isa = PBXBuildFile; fileRef = 40E43E3F1C544E3900ABC378 /* FirebaseDataFetcher.swift */; };
		7253A7FE1AC8900E00188364 /* GraphViewController.swift in Sources */ = {isa = PBXBuildFile; fileRef = 7253A7FD1AC8900E00188364 /* GraphViewController.swift */; };
		72553D8B1AD9913D0091F5D2 /* PDFRenderer.m in Sources */ = {isa = PBXBuildFile; fileRef = 72553D8A1AD9913D0091F5D2 /* PDFRenderer.m */; };
		72553D8E1AD999FE0091F5D2 /* NSAttributedString+OrdinalFormat.m in Sources */ = {isa = PBXBuildFile; fileRef = 72553D8D1AD999FE0091F5D2 /* NSAttributedString+OrdinalFormat.m */; };
		725D09521A956F76009A0AB6 /* TeamInMatchDetailsTableViewController.swift in Sources */ = {isa = PBXBuildFile; fileRef = 725D09511A956F76009A0AB6 /* TeamInMatchDetailsTableViewController.swift */; };
		725D09541A95919B009A0AB6 /* ResizableNotesTableViewCell.swift in Sources */ = {isa = PBXBuildFile; fileRef = 725D09531A95919B009A0AB6 /* ResizableNotesTableViewCell.swift */; };
		725D09561A959D17009A0AB6 /* TeamDetailsTableViewController.swift in Sources */ = {isa = PBXBuildFile; fileRef = 725D09551A959D17009A0AB6 /* TeamDetailsTableViewController.swift */; };
		72A0480E1AC4C22500FA2A46 /* UIColor+HexString.m in Sources */ = {isa = PBXBuildFile; fileRef = 72A0480D1AC4C22500FA2A46 /* UIColor+HexString.m */; };
		72A048161AC4C5CB00FA2A46 /* UnrankedTableViewCell.swift in Sources */ = {isa = PBXBuildFile; fileRef = 72A048151AC4C5CB00FA2A46 /* UnrankedTableViewCell.swift */; };
		72AE5AB61A87D5EB001BB94E /* main.m in Sources */ = {isa = PBXBuildFile; fileRef = 72AE5AB51A87D5EB001BB94E /* main.m */; };
		72AE5AB91A87D5EB001BB94E /* AppDelegate.m in Sources */ = {isa = PBXBuildFile; fileRef = 72AE5AB81A87D5EB001BB94E /* AppDelegate.m */; };
		72AE5AC21A87D5EB001BB94E /* Main.storyboard in Resources */ = {isa = PBXBuildFile; fileRef = 72AE5AC01A87D5EB001BB94E /* Main.storyboard */; };
		72AE5AC71A87D5EB001BB94E /* LaunchScreen.xib in Resources */ = {isa = PBXBuildFile; fileRef = 72AE5AC51A87D5EB001BB94E /* LaunchScreen.xib */; };
		72AE5ADE1A87D8D3001BB94E /* ArrayTableViewController.m in Sources */ = {isa = PBXBuildFile; fileRef = 72AE5ADD1A87D8D3001BB94E /* ArrayTableViewController.m */; };
		72AE5AEE1A881CBA001BB94E /* MultiCellTableViewCell.m in Sources */ = {isa = PBXBuildFile; fileRef = 72AE5AEC1A881CBA001BB94E /* MultiCellTableViewCell.m */; };
		72AE5AEF1A881CBA001BB94E /* MultiCellTableViewCell.xib in Resources */ = {isa = PBXBuildFile; fileRef = 72AE5AED1A881CBA001BB94E /* MultiCellTableViewCell.xib */; };
		72AE5AF21A881E94001BB94E /* SeedTableViewController.m in Sources */ = {isa = PBXBuildFile; fileRef = 72AE5AF11A881E94001BB94E /* SeedTableViewController.m */; };
		72AE5AF51A881F8C001BB94E /* FirstPickTableViewController.m in Sources */ = {isa = PBXBuildFile; fileRef = 72AE5AF41A881F8C001BB94E /* FirstPickTableViewController.m */; };
		72AE5AFB1A881FE3001BB94E /* ScheduleTableViewController.m in Sources */ = {isa = PBXBuildFile; fileRef = 72AE5AFA1A881FE3001BB94E /* ScheduleTableViewController.m */; };
		72AE5AFF1A882014001BB94E /* MatchTableViewCell.m in Sources */ = {isa = PBXBuildFile; fileRef = 72AE5AFD1A882014001BB94E /* MatchTableViewCell.m */; };
		72AE5B001A882014001BB94E /* MatchTableViewCell.xib in Resources */ = {isa = PBXBuildFile; fileRef = 72AE5AFE1A882014001BB94E /* MatchTableViewCell.xib */; };
		72C2DC0A1A96F4360000BCED /* Utils.swift in Sources */ = {isa = PBXBuildFile; fileRef = 72C2DC091A96F4360000BCED /* Utils.swift */; };
		72DC10B91A929FA30092EA5F /* PredictedSeedTableViewController.m in Sources */ = {isa = PBXBuildFile; fileRef = 72DC10B81A929FA30092EA5F /* PredictedSeedTableViewController.m */; };
		72DC10BC1A92AE9C0092EA5F /* MatchDetailsViewController.swift in Sources */ = {isa = PBXBuildFile; fileRef = 72DC10BB1A92AE9C0092EA5F /* MatchDetailsViewController.swift */; };
		72EB84BF1A9A7C84005690BD /* MechanismTableViewCell.swift in Sources */ = {isa = PBXBuildFile; fileRef = 72EB84BD1A9A7C84005690BD /* MechanismTableViewCell.swift */; };
		72EB84C01A9A7C84005690BD /* MechanismTableViewCell.xib in Resources */ = {isa = PBXBuildFile; fileRef = 72EB84BE1A9A7C84005690BD /* MechanismTableViewCell.xib */; };
		72EC17201AD9B2480044FEE9 /* UINavigationController+SGProgress.m in Sources */ = {isa = PBXBuildFile; fileRef = 72EC171F1AD9B2480044FEE9 /* UINavigationController+SGProgress.m */; };
/* End PBXBuildFile section */

/* Begin PBXCopyFilesBuildPhase section */
		1976B0351CD27D98007E3B39 /* Embed App Extensions */ = {
			isa = PBXCopyFilesBuildPhase;
			buildActionMask = 2147483647;
			dstPath = "";
			dstSubfolderSpec = 13;
			files = (
			);
			name = "Embed App Extensions";
			runOnlyForDeploymentPostprocessing = 0;
		};
/* End PBXCopyFilesBuildPhase section */

/* Begin PBXFileReference section */
		191B81141CB1BDC200139FC3 /* Settings.bundle */ = {isa = PBXFileReference; lastKnownFileType = "wrapper.plug-in"; name = Settings.bundle; path = "scout-viewer-2016-iOS/Settings.bundle"; sourceTree = "<group>"; };
		194245CB1D33266400F9B8D7 /* GoogleService-Info.plist */ = {isa = PBXFileReference; fileEncoding = 4; lastKnownFileType = text.plist.xml; path = "GoogleService-Info.plist"; sourceTree = "<group>"; };
		19427B6E1D2AF6E80041FB1D /* SpecificTeamScheduleTableViewController.swift */ = {isa = PBXFileReference; fileEncoding = 4; lastKnownFileType = sourcecode.swift; path = SpecificTeamScheduleTableViewController.swift; sourceTree = "<group>"; };
		194587971C7D6DC900507019 /* OverallSecondPickAbilityViewController.swift */ = {isa = PBXFileReference; fileEncoding = 4; lastKnownFileType = sourcecode.swift; path = OverallSecondPickAbilityViewController.swift; sourceTree = "<group>"; };
		19498EE21CB04EA500CF5236 /* NotesTableViewController.swift */ = {isa = PBXFileReference; fileEncoding = 4; lastKnownFileType = sourcecode.swift; path = NotesTableViewController.swift; sourceTree = "<group>"; };
		1957FC951DE8D6B300992D10 /* Reflectable.swift */ = {isa = PBXFileReference; fileEncoding = 4; lastKnownFileType = sourcecode.swift; path = Reflectable.swift; sourceTree = "<group>"; };
		1957FC971DE8D93900992D10 /* Images.xcassets */ = {isa = PBXFileReference; lastKnownFileType = folder.assetcatalog; name = Images.xcassets; path = "scout-viewer-2016-iOS/Images.xcassets"; sourceTree = "<group>"; };
		1957FC9A1DE8E75300992D10 /* Base */ = {isa = PBXFileReference; lastKnownFileType = file.storyboard; name = Base; path = Base.lproj/FirstPick.storyboard; sourceTree = "<group>"; };
		1957FC9F1DE8E83F00992D10 /* Base */ = {isa = PBXFileReference; lastKnownFileType = file.storyboard; name = Base; path = Base.lproj/Schedule.storyboard; sourceTree = "<group>"; };
		1957FCA11DE8E89A00992D10 /* ThirdPick.storyboard */ = {isa = PBXFileReference; fileEncoding = 4; lastKnownFileType = file.storyboard; path = ThirdPick.storyboard; sourceTree = "<group>"; };
		1957FCA41DE8E8BD00992D10 /* Base */ = {isa = PBXFileReference; lastKnownFileType = file.storyboard; name = Base; path = Base.lproj/SecondPick.storyboard; sourceTree = "<group>"; };
		1957FCA61DE8E93500992D10 /* Seeding.storyboard */ = {isa = PBXFileReference; fileEncoding = 4; lastKnownFileType = file.storyboard; path = Seeding.storyboard; sourceTree = "<group>"; };
		19707E8E1CC435270080B3B6 /* NotificationCenter.framework */ = {isa = PBXFileReference; lastKnownFileType = wrapper.framework; name = NotificationCenter.framework; path = System/Library/Frameworks/NotificationCenter.framework; sourceTree = SDKROOT; };
		1976B02E1CD27D98007E3B39 /* Info.plist */ = {isa = PBXFileReference; lastKnownFileType = text.plist.xml; path = Info.plist; sourceTree = "<group>"; };
		19DAC45E1CD28F3200C90B79 /* CurrentMatch-Bridging-Header.h */ = {isa = PBXFileReference; lastKnownFileType = sourcecode.c.h; path = "CurrentMatch-Bridging-Header.h"; sourceTree = "<group>"; };
		19DAC45F1CD28F3200C90B79 /* TodayViewController.swift */ = {isa = PBXFileReference; fileEncoding = 4; lastKnownFileType = sourcecode.swift; path = TodayViewController.swift; sourceTree = "<group>"; };
		19DAC4641CD2930100C90B79 /* Base */ = {isa = PBXFileReference; lastKnownFileType = file.storyboard; name = Base; path = Base.lproj/Storyboard.storyboard; sourceTree = "<group>"; };
		2811AE94105C3496CB311922 /* Pods_scout_viewer_2016_iOS.framework */ = {isa = PBXFileReference; explicitFileType = wrapper.framework; includeInIndex = 0; path = Pods_scout_viewer_2016_iOS.framework; sourceTree = BUILT_PRODUCTS_DIR; };
		400603FB1CB197CA005ADEC5 /* CurrentMatchManager.swift */ = {isa = PBXFileReference; fileEncoding = 4; lastKnownFileType = sourcecode.swift; path = CurrentMatchManager.swift; sourceTree = "<group>"; };
		400F75EC1C666D4B00EA03FA /* ConditionalSecondPickTableViewController.swift */ = {isa = PBXFileReference; fileEncoding = 4; lastKnownFileType = sourcecode.swift; path = ConditionalSecondPickTableViewController.swift; sourceTree = "<group>"; };
		40780DC21C59C05700ACF489 /* Match.swift */ = {isa = PBXFileReference; fileEncoding = 4; lastKnownFileType = sourcecode.swift; path = Match.swift; sourceTree = "<group>"; };
		40780DC31C59C05700ACF489 /* CalculatedTeamData.swift */ = {isa = PBXFileReference; fileEncoding = 4; lastKnownFileType = sourcecode.swift; path = CalculatedTeamData.swift; sourceTree = "<group>"; };
		40780DC41C59C05700ACF489 /* TeamInMatchData.swift */ = {isa = PBXFileReference; fileEncoding = 4; lastKnownFileType = sourcecode.swift; path = TeamInMatchData.swift; sourceTree = "<group>"; };
		40780DC81C59C05E00ACF489 /* MatchCalculatedData.swift */ = {isa = PBXFileReference; fileEncoding = 4; lastKnownFileType = sourcecode.swift; path = MatchCalculatedData.swift; sourceTree = "<group>"; };
		40780DC91C59C05E00ACF489 /* Team.swift */ = {isa = PBXFileReference; fileEncoding = 4; lastKnownFileType = sourcecode.swift; path = Team.swift; sourceTree = "<group>"; };
		40A0F3FF1C559EAE00DEB64C /* SystemConfiguration.framework */ = {isa = PBXFileReference; lastKnownFileType = wrapper.framework; name = SystemConfiguration.framework; path = System/Library/Frameworks/SystemConfiguration.framework; sourceTree = SDKROOT; };
		40A0F4021C55A37200DEB64C /* NetworkExtension.framework */ = {isa = PBXFileReference; lastKnownFileType = wrapper.framework; name = NetworkExtension.framework; path = System/Library/Frameworks/NetworkExtension.framework; sourceTree = SDKROOT; };
		40A14D711CACC70800CCFC2C /* SortedRankTableViewController.swift */ = {isa = PBXFileReference; fileEncoding = 4; lastKnownFileType = sourcecode.swift; path = SortedRankTableViewController.swift; sourceTree = "<group>"; };
		40B551C81C702C01006089EA /* TeamInMatchCalculatedData.swift */ = {isa = PBXFileReference; fileEncoding = 4; lastKnownFileType = sourcecode.swift; path = TeamInMatchCalculatedData.swift; sourceTree = "<group>"; };
		40CF57A01C6C30DD00D9B63B /* DefenseTableViewController.swift */ = {isa = PBXFileReference; fileEncoding = 4; lastKnownFileType = sourcecode.swift; path = DefenseTableViewController.swift; sourceTree = "<group>"; };
		40E43E3F1C544E3900ABC378 /* FirebaseDataFetcher.swift */ = {isa = PBXFileReference; fileEncoding = 4; lastKnownFileType = sourcecode.swift; path = FirebaseDataFetcher.swift; sourceTree = "<group>"; };
		7253A7FD1AC8900E00188364 /* GraphViewController.swift */ = {isa = PBXFileReference; fileEncoding = 4; lastKnownFileType = sourcecode.swift; path = GraphViewController.swift; sourceTree = "<group>"; };
		72553D891AD9913D0091F5D2 /* PDFRenderer.h */ = {isa = PBXFileReference; fileEncoding = 4; lastKnownFileType = sourcecode.c.h; path = PDFRenderer.h; sourceTree = "<group>"; };
		72553D8A1AD9913D0091F5D2 /* PDFRenderer.m */ = {isa = PBXFileReference; fileEncoding = 4; lastKnownFileType = sourcecode.c.objc; path = PDFRenderer.m; sourceTree = "<group>"; };
		72553D8C1AD999FE0091F5D2 /* NSAttributedString+OrdinalFormat.h */ = {isa = PBXFileReference; fileEncoding = 4; lastKnownFileType = sourcecode.c.h; path = "NSAttributedString+OrdinalFormat.h"; sourceTree = "<group>"; };
		72553D8D1AD999FE0091F5D2 /* NSAttributedString+OrdinalFormat.m */ = {isa = PBXFileReference; fileEncoding = 4; lastKnownFileType = sourcecode.c.objc; path = "NSAttributedString+OrdinalFormat.m"; sourceTree = "<group>"; };
		725D09511A956F76009A0AB6 /* TeamInMatchDetailsTableViewController.swift */ = {isa = PBXFileReference; fileEncoding = 4; lastKnownFileType = sourcecode.swift; path = TeamInMatchDetailsTableViewController.swift; sourceTree = "<group>"; };
		725D09531A95919B009A0AB6 /* ResizableNotesTableViewCell.swift */ = {isa = PBXFileReference; fileEncoding = 4; lastKnownFileType = sourcecode.swift; path = ResizableNotesTableViewCell.swift; sourceTree = "<group>"; };
		725D09551A959D17009A0AB6 /* TeamDetailsTableViewController.swift */ = {isa = PBXFileReference; fileEncoding = 4; lastKnownFileType = sourcecode.swift; path = TeamDetailsTableViewController.swift; sourceTree = "<group>"; };
		72A0480C1AC4C22500FA2A46 /* UIColor+HexString.h */ = {isa = PBXFileReference; fileEncoding = 4; lastKnownFileType = sourcecode.c.h; path = "UIColor+HexString.h"; sourceTree = "<group>"; };
		72A0480D1AC4C22500FA2A46 /* UIColor+HexString.m */ = {isa = PBXFileReference; fileEncoding = 4; lastKnownFileType = sourcecode.c.objc; path = "UIColor+HexString.m"; sourceTree = "<group>"; };
		72A048151AC4C5CB00FA2A46 /* UnrankedTableViewCell.swift */ = {isa = PBXFileReference; fileEncoding = 4; lastKnownFileType = sourcecode.swift; path = UnrankedTableViewCell.swift; sourceTree = "<group>"; };
		72AE5AB01A87D5EB001BB94E /* scout-viewer-2016-iOS.app */ = {isa = PBXFileReference; explicitFileType = wrapper.application; includeInIndex = 0; path = "scout-viewer-2016-iOS.app"; sourceTree = BUILT_PRODUCTS_DIR; };
		72AE5AB41A87D5EB001BB94E /* Info.plist */ = {isa = PBXFileReference; lastKnownFileType = text.plist.xml; path = Info.plist; sourceTree = "<group>"; };
		72AE5AB51A87D5EB001BB94E /* main.m */ = {isa = PBXFileReference; lastKnownFileType = sourcecode.c.objc; path = main.m; sourceTree = "<group>"; };
		72AE5AB71A87D5EB001BB94E /* AppDelegate.h */ = {isa = PBXFileReference; lastKnownFileType = sourcecode.c.h; path = AppDelegate.h; sourceTree = "<group>"; };
		72AE5AB81A87D5EB001BB94E /* AppDelegate.m */ = {isa = PBXFileReference; lastKnownFileType = sourcecode.c.objc; path = AppDelegate.m; sourceTree = "<group>"; };
		72AE5AC11A87D5EB001BB94E /* Base */ = {isa = PBXFileReference; lastKnownFileType = file.storyboard; name = Base; path = Base.lproj/Main.storyboard; sourceTree = "<group>"; };
		72AE5AC31A87D5EB001BB94E /* Images.xcassets */ = {isa = PBXFileReference; lastKnownFileType = folder.assetcatalog; path = Images.xcassets; sourceTree = "<group>"; };
		72AE5AC61A87D5EB001BB94E /* Base */ = {isa = PBXFileReference; lastKnownFileType = file.xib; name = Base; path = Base.lproj/LaunchScreen.xib; sourceTree = "<group>"; };
		72AE5ADC1A87D8D3001BB94E /* ArrayTableViewController.h */ = {isa = PBXFileReference; fileEncoding = 4; lastKnownFileType = sourcecode.c.h; path = ArrayTableViewController.h; sourceTree = "<group>"; };
		72AE5ADD1A87D8D3001BB94E /* ArrayTableViewController.m */ = {isa = PBXFileReference; fileEncoding = 4; lastKnownFileType = sourcecode.c.objc; path = ArrayTableViewController.m; sourceTree = "<group>"; };
		72AE5AE51A87F287001BB94E /* config.h */ = {isa = PBXFileReference; lastKnownFileType = sourcecode.c.h; path = config.h; sourceTree = "<group>"; };
		72AE5AEB1A881CBA001BB94E /* MultiCellTableViewCell.h */ = {isa = PBXFileReference; fileEncoding = 4; lastKnownFileType = sourcecode.c.h; path = MultiCellTableViewCell.h; sourceTree = "<group>"; };
		72AE5AEC1A881CBA001BB94E /* MultiCellTableViewCell.m */ = {isa = PBXFileReference; fileEncoding = 4; lastKnownFileType = sourcecode.c.objc; path = MultiCellTableViewCell.m; sourceTree = "<group>"; };
		72AE5AED1A881CBA001BB94E /* MultiCellTableViewCell.xib */ = {isa = PBXFileReference; fileEncoding = 4; lastKnownFileType = file.xib; path = MultiCellTableViewCell.xib; sourceTree = "<group>"; };
		72AE5AF01A881E94001BB94E /* SeedTableViewController.h */ = {isa = PBXFileReference; fileEncoding = 4; lastKnownFileType = sourcecode.c.h; path = SeedTableViewController.h; sourceTree = "<group>"; };
		72AE5AF11A881E94001BB94E /* SeedTableViewController.m */ = {isa = PBXFileReference; fileEncoding = 4; lastKnownFileType = sourcecode.c.objc; path = SeedTableViewController.m; sourceTree = "<group>"; };
		72AE5AF31A881F8C001BB94E /* FirstPickTableViewController.h */ = {isa = PBXFileReference; fileEncoding = 4; lastKnownFileType = sourcecode.c.h; path = FirstPickTableViewController.h; sourceTree = "<group>"; };
		72AE5AF41A881F8C001BB94E /* FirstPickTableViewController.m */ = {isa = PBXFileReference; fileEncoding = 4; lastKnownFileType = sourcecode.c.objc; lineEnding = 0; path = FirstPickTableViewController.m; sourceTree = "<group>"; xcLanguageSpecificationIdentifier = xcode.lang.objc; };
		72AE5AF91A881FE3001BB94E /* ScheduleTableViewController.h */ = {isa = PBXFileReference; fileEncoding = 4; lastKnownFileType = sourcecode.c.h; path = ScheduleTableViewController.h; sourceTree = "<group>"; };
		72AE5AFA1A881FE3001BB94E /* ScheduleTableViewController.m */ = {isa = PBXFileReference; fileEncoding = 4; lastKnownFileType = sourcecode.c.objc; path = ScheduleTableViewController.m; sourceTree = "<group>"; };
		72AE5AFC1A882014001BB94E /* MatchTableViewCell.h */ = {isa = PBXFileReference; fileEncoding = 4; lastKnownFileType = sourcecode.c.h; path = MatchTableViewCell.h; sourceTree = "<group>"; };
		72AE5AFD1A882014001BB94E /* MatchTableViewCell.m */ = {isa = PBXFileReference; fileEncoding = 4; lastKnownFileType = sourcecode.c.objc; path = MatchTableViewCell.m; sourceTree = "<group>"; };
		72AE5AFE1A882014001BB94E /* MatchTableViewCell.xib */ = {isa = PBXFileReference; fileEncoding = 4; lastKnownFileType = file.xib; path = MatchTableViewCell.xib; sourceTree = "<group>"; };
		72C2DC091A96F4360000BCED /* Utils.swift */ = {isa = PBXFileReference; fileEncoding = 4; lastKnownFileType = sourcecode.swift; path = Utils.swift; sourceTree = "<group>"; };
		72DC10B71A929FA30092EA5F /* PredictedSeedTableViewController.h */ = {isa = PBXFileReference; fileEncoding = 4; lastKnownFileType = sourcecode.c.h; path = PredictedSeedTableViewController.h; sourceTree = "<group>"; };
		72DC10B81A929FA30092EA5F /* PredictedSeedTableViewController.m */ = {isa = PBXFileReference; fileEncoding = 4; lastKnownFileType = sourcecode.c.objc; path = PredictedSeedTableViewController.m; sourceTree = "<group>"; };
		72DC10BA1A92AE9C0092EA5F /* scout-viewer-2016-iOS-Bridging-Header.h */ = {isa = PBXFileReference; lastKnownFileType = sourcecode.c.h; path = "scout-viewer-2016-iOS-Bridging-Header.h"; sourceTree = "<group>"; };
		72DC10BB1A92AE9C0092EA5F /* MatchDetailsViewController.swift */ = {isa = PBXFileReference; fileEncoding = 4; lastKnownFileType = sourcecode.swift; path = MatchDetailsViewController.swift; sourceTree = "<group>"; };
		72EB84BD1A9A7C84005690BD /* MechanismTableViewCell.swift */ = {isa = PBXFileReference; fileEncoding = 4; lastKnownFileType = sourcecode.swift; path = MechanismTableViewCell.swift; sourceTree = "<group>"; };
		72EB84BE1A9A7C84005690BD /* MechanismTableViewCell.xib */ = {isa = PBXFileReference; fileEncoding = 4; lastKnownFileType = file.xib; path = MechanismTableViewCell.xib; sourceTree = "<group>"; };
		72EC171E1AD9B2480044FEE9 /* UINavigationController+SGProgress.h */ = {isa = PBXFileReference; fileEncoding = 4; lastKnownFileType = sourcecode.c.h; path = "UINavigationController+SGProgress.h"; sourceTree = "<group>"; };
		72EC171F1AD9B2480044FEE9 /* UINavigationController+SGProgress.m */ = {isa = PBXFileReference; fileEncoding = 4; lastKnownFileType = sourcecode.c.objc; path = "UINavigationController+SGProgress.m"; sourceTree = "<group>"; };
		9E642AEBDF2F6A37C5A4132D /* Pods-scout-viewer-2016-iOS.release.xcconfig */ = {isa = PBXFileReference; includeInIndex = 1; lastKnownFileType = text.xcconfig; name = "Pods-scout-viewer-2016-iOS.release.xcconfig"; path = "Pods/Target Support Files/Pods-scout-viewer-2016-iOS/Pods-scout-viewer-2016-iOS.release.xcconfig"; sourceTree = "<group>"; };
		AE5FD21A8511399533978BFB /* Pods-scout-viewer-2016-iOS.debug.xcconfig */ = {isa = PBXFileReference; includeInIndex = 1; lastKnownFileType = text.xcconfig; name = "Pods-scout-viewer-2016-iOS.debug.xcconfig"; path = "Pods/Target Support Files/Pods-scout-viewer-2016-iOS/Pods-scout-viewer-2016-iOS.debug.xcconfig"; sourceTree = "<group>"; };
/* End PBXFileReference section */

/* Begin PBXFrameworksBuildPhase section */
		72AE5AAD1A87D5EB001BB94E /* Frameworks */ = {
			isa = PBXFrameworksBuildPhase;
			buildActionMask = 2147483647;
			files = (
				40A0F4031C55A37200DEB64C /* NetworkExtension.framework in Frameworks */,
				0E85D71B618A448B241FA30B /* Pods_scout_viewer_2016_iOS.framework in Frameworks */,
			);
			runOnlyForDeploymentPostprocessing = 0;
		};
/* End PBXFrameworksBuildPhase section */

/* Begin PBXGroup section */
		194245CD1D33274600F9B8D7 /* Old Obj-C Extensions */ = {
			isa = PBXGroup;
			children = (
				72553D8C1AD999FE0091F5D2 /* NSAttributedString+OrdinalFormat.h */,
				72553D8D1AD999FE0091F5D2 /* NSAttributedString+OrdinalFormat.m */,
				72EC171E1AD9B2480044FEE9 /* UINavigationController+SGProgress.h */,
				72EC171F1AD9B2480044FEE9 /* UINavigationController+SGProgress.m */,
				72A0480C1AC4C22500FA2A46 /* UIColor+HexString.h */,
				72A0480D1AC4C22500FA2A46 /* UIColor+HexString.m */,
			);
			name = "Old Obj-C Extensions";
			sourceTree = "<group>";
		};
		1976B0281CD27D98007E3B39 /* CurrentMatch */ = {
			isa = PBXGroup;
			children = (
				19DAC4631CD2930100C90B79 /* Storyboard.storyboard */,
				19DAC45F1CD28F3200C90B79 /* TodayViewController.swift */,
				1976B02E1CD27D98007E3B39 /* Info.plist */,
				19DAC45E1CD28F3200C90B79 /* CurrentMatch-Bridging-Header.h */,
			);
			path = CurrentMatch;
			sourceTree = "<group>";
		};
		19A0FAFA1D0DEF47009BB7F7 /* Multi Cell Table View Cell */ = {
			isa = PBXGroup;
			children = (
				72AE5AEB1A881CBA001BB94E /* MultiCellTableViewCell.h */,
				72AE5AEC1A881CBA001BB94E /* MultiCellTableViewCell.m */,
				72AE5AED1A881CBA001BB94E /* MultiCellTableViewCell.xib */,
			);
			name = "Multi Cell Table View Cell";
			sourceTree = "<group>";
		};
		19A0FAFB1D0DEFD7009BB7F7 /* Mechanism Table View Cell */ = {
			isa = PBXGroup;
			children = (
				72EB84BD1A9A7C84005690BD /* MechanismTableViewCell.swift */,
				72EB84BE1A9A7C84005690BD /* MechanismTableViewCell.xib */,
			);
			name = "Mechanism Table View Cell";
			sourceTree = "<group>";
		};
		19F41FDD1D415E67007B9ACC /* TableViewCells */ = {
			isa = PBXGroup;
			children = (
				725D09531A95919B009A0AB6 /* ResizableNotesTableViewCell.swift */,
				72A048151AC4C5CB00FA2A46 /* UnrankedTableViewCell.swift */,
				19A0FAFA1D0DEF47009BB7F7 /* Multi Cell Table View Cell */,
			);
			name = TableViewCells;
			sourceTree = "<group>";
		};
		19F41FDE1D41605E007B9ACC /* Match Table View Cell */ = {
			isa = PBXGroup;
			children = (
				72AE5AFC1A882014001BB94E /* MatchTableViewCell.h */,
				72AE5AFD1A882014001BB94E /* MatchTableViewCell.m */,
				72AE5AFE1A882014001BB94E /* MatchTableViewCell.xib */,
			);
			name = "Match Table View Cell";
			sourceTree = "<group>";
		};
		40E43E3A1C54434D00ABC378 /* Firebase Models */ = {
			isa = PBXGroup;
			children = (
				40780DC81C59C05E00ACF489 /* MatchCalculatedData.swift */,
				40780DC91C59C05E00ACF489 /* Team.swift */,
				40780DC21C59C05700ACF489 /* Match.swift */,
				40780DC31C59C05700ACF489 /* CalculatedTeamData.swift */,
				40780DC41C59C05700ACF489 /* TeamInMatchData.swift */,
				40B551C81C702C01006089EA /* TeamInMatchCalculatedData.swift */,
				1957FC951DE8D6B300992D10 /* Reflectable.swift */,
			);
			name = "Firebase Models";
			sourceTree = "<group>";
		};
		6CDB04411470B0C2897EDD29 /* Frameworks */ = {
			isa = PBXGroup;
			children = (
				40A0F4021C55A37200DEB64C /* NetworkExtension.framework */,
				40A0F3FF1C559EAE00DEB64C /* SystemConfiguration.framework */,
				19707E8E1CC435270080B3B6 /* NotificationCenter.framework */,
				2811AE94105C3496CB311922 /* Pods_scout_viewer_2016_iOS.framework */,
			);
			name = Frameworks;
			sourceTree = "<group>";
		};
		721AB3D21AC5E6C700191577 /* Third Pick */ = {
			isa = PBXGroup;
			children = (
			);
			name = "Third Pick";
			sourceTree = "<group>";
		};
		72A048101AC4C29100FA2A46 /* Tabs */ = {
			isa = PBXGroup;
			children = (
				72A048111AC4C2A900FA2A46 /* Schedule */,
				72A048121AC4C2BE00FA2A46 /* Seeding */,
				72A048131AC4C2D400FA2A46 /* First Pick */,
				72A048141AC4C2DE00FA2A46 /* Second Pick */,
				721AB3D21AC5E6C700191577 /* Third Pick */,
			);
			name = Tabs;
			sourceTree = "<group>";
		};
		72A048111AC4C2A900FA2A46 /* Schedule */ = {
			isa = PBXGroup;
			children = (
				72AE5AF91A881FE3001BB94E /* ScheduleTableViewController.h */,
				72AE5AFA1A881FE3001BB94E /* ScheduleTableViewController.m */,
				19427B6E1D2AF6E80041FB1D /* SpecificTeamScheduleTableViewController.swift */,
				19F41FDE1D41605E007B9ACC /* Match Table View Cell */,
			);
			name = Schedule;
			sourceTree = "<group>";
		};
		72A048121AC4C2BE00FA2A46 /* Seeding */ = {
			isa = PBXGroup;
			children = (
				72AE5AF01A881E94001BB94E /* SeedTableViewController.h */,
				72AE5AF11A881E94001BB94E /* SeedTableViewController.m */,
				72DC10B71A929FA30092EA5F /* PredictedSeedTableViewController.h */,
				72DC10B81A929FA30092EA5F /* PredictedSeedTableViewController.m */,
			);
			name = Seeding;
			sourceTree = "<group>";
		};
		72A048131AC4C2D400FA2A46 /* First Pick */ = {
			isa = PBXGroup;
			children = (
				72AE5AF31A881F8C001BB94E /* FirstPickTableViewController.h */,
				72AE5AF41A881F8C001BB94E /* FirstPickTableViewController.m */,
			);
			name = "First Pick";
			sourceTree = "<group>";
		};
		72A048141AC4C2DE00FA2A46 /* Second Pick */ = {
			isa = PBXGroup;
			children = (
				194587971C7D6DC900507019 /* OverallSecondPickAbilityViewController.swift */,
				400F75EC1C666D4B00EA03FA /* ConditionalSecondPickTableViewController.swift */,
			);
			name = "Second Pick";
			sourceTree = "<group>";
		};
		72AE5AA71A87D5EB001BB94E = {
			isa = PBXGroup;
			children = (
				1957FC971DE8D93900992D10 /* Images.xcassets */,
				72AE5AB21A87D5EB001BB94E /* scout-viewer-2016-iOS */,
				191B81141CB1BDC200139FC3 /* Settings.bundle */,
				1976B0281CD27D98007E3B39 /* CurrentMatch */,
				72AE5AB11A87D5EB001BB94E /* Products */,
				6CDB04411470B0C2897EDD29 /* Frameworks */,
				F817AE80B7E47BC274314875 /* Pods */,
			);
			sourceTree = "<group>";
		};
		72AE5AB11A87D5EB001BB94E /* Products */ = {
			isa = PBXGroup;
			children = (
				72AE5AB01A87D5EB001BB94E /* scout-viewer-2016-iOS.app */,
			);
			name = Products;
			sourceTree = "<group>";
		};
		72AE5AB21A87D5EB001BB94E /* scout-viewer-2016-iOS */ = {
			isa = PBXGroup;
			children = (
				72AE5AC01A87D5EB001BB94E /* Main.storyboard */,
				1957FC9E1DE8E83F00992D10 /* Schedule.storyboard */,
				1957FCA61DE8E93500992D10 /* Seeding.storyboard */,
				1957FC991DE8E75300992D10 /* FirstPick.storyboard */,
				1957FCA31DE8E8BD00992D10 /* SecondPick.storyboard */,
				1957FCA11DE8E89A00992D10 /* ThirdPick.storyboard */,
				72A048101AC4C29100FA2A46 /* Tabs */,
				40E43E3F1C544E3900ABC378 /* FirebaseDataFetcher.swift */,
				725D09551A959D17009A0AB6 /* TeamDetailsTableViewController.swift */,
				725D09511A956F76009A0AB6 /* TeamInMatchDetailsTableViewController.swift */,
				72DC10BB1A92AE9C0092EA5F /* MatchDetailsViewController.swift */,
				40CF57A01C6C30DD00D9B63B /* DefenseTableViewController.swift */,
				72C2DC091A96F4360000BCED /* Utils.swift */,
				40E43E3A1C54434D00ABC378 /* Firebase Models */,
				72AE5AB31A87D5EB001BB94E /* Supporting Files */,
			);
			path = "scout-viewer-2016-iOS";
			sourceTree = "<group>";
		};
		72AE5AB31A87D5EB001BB94E /* Supporting Files */ = {
			isa = PBXGroup;
			children = (
				72553D891AD9913D0091F5D2 /* PDFRenderer.h */,
				72553D8A1AD9913D0091F5D2 /* PDFRenderer.m */,
				7253A7FD1AC8900E00188364 /* GraphViewController.swift */,
				400603FB1CB197CA005ADEC5 /* CurrentMatchManager.swift */,
				72AE5ADC1A87D8D3001BB94E /* ArrayTableViewController.h */,
				72AE5ADD1A87D8D3001BB94E /* ArrayTableViewController.m */,
				40A14D711CACC70800CCFC2C /* SortedRankTableViewController.swift */,
				19498EE21CB04EA500CF5236 /* NotesTableViewController.swift */,
				72DC10BA1A92AE9C0092EA5F /* scout-viewer-2016-iOS-Bridging-Header.h */,
				72AE5AC51A87D5EB001BB94E /* LaunchScreen.xib */,
				72AE5AC31A87D5EB001BB94E /* Images.xcassets */,
				19F41FDD1D415E67007B9ACC /* TableViewCells */,
				19A0FAFB1D0DEFD7009BB7F7 /* Mechanism Table View Cell */,
				194245CD1D33274600F9B8D7 /* Old Obj-C Extensions */,
				72AE5AE51A87F287001BB94E /* config.h */,
				72AE5AB41A87D5EB001BB94E /* Info.plist */,
				194245CB1D33266400F9B8D7 /* GoogleService-Info.plist */,
				72AE5AB71A87D5EB001BB94E /* AppDelegate.h */,
				72AE5AB81A87D5EB001BB94E /* AppDelegate.m */,
				72AE5AB51A87D5EB001BB94E /* main.m */,
			);
			name = "Supporting Files";
			sourceTree = "<group>";
		};
		F817AE80B7E47BC274314875 /* Pods */ = {
			isa = PBXGroup;
			children = (
				AE5FD21A8511399533978BFB /* Pods-scout-viewer-2016-iOS.debug.xcconfig */,
				9E642AEBDF2F6A37C5A4132D /* Pods-scout-viewer-2016-iOS.release.xcconfig */,
			);
			name = Pods;
			sourceTree = "<group>";
		};
/* End PBXGroup section */

/* Begin PBXNativeTarget section */
		72AE5AAF1A87D5EB001BB94E /* scout-viewer-2016-iOS */ = {
			isa = PBXNativeTarget;
			buildConfigurationList = 72AE5AD61A87D5EB001BB94E /* Build configuration list for PBXNativeTarget "scout-viewer-2016-iOS" */;
			buildPhases = (
				D71B845FF27B83057125AD1E /* [CP] Check Pods Manifest.lock */,
				72AE5AAC1A87D5EB001BB94E /* Sources */,
				72AE5AAD1A87D5EB001BB94E /* Frameworks */,
				72AE5AAE1A87D5EB001BB94E /* Resources */,
				19E19DAE1CA1C3BD0043E3BC /* ShellScript */,
				1976B0351CD27D98007E3B39 /* Embed App Extensions */,
				0BADA616B2B8C302F5080545 /* [CP] Embed Pods Frameworks */,
				86D66DD7DE4617623929FD9C /* [CP] Copy Pods Resources */,
			);
			buildRules = (
			);
			dependencies = (
			);
			name = "scout-viewer-2016-iOS";
			productName = "scout-viewer-2015-iOS";
			productReference = 72AE5AB01A87D5EB001BB94E /* scout-viewer-2016-iOS.app */;
			productType = "com.apple.product-type.application";
		};
/* End PBXNativeTarget section */

/* Begin PBXProject section */
		72AE5AA81A87D5EB001BB94E /* Project object */ = {
			isa = PBXProject;
			attributes = {
				LastSwiftUpdateCheck = 0720;
				LastUpgradeCheck = 0820;
				ORGANIZATIONNAME = "Citrus Circuits";
				TargetAttributes = {
					72AE5AAF1A87D5EB001BB94E = {
						CreatedOnToolsVersion = 6.1.1;
						DevelopmentTeam = S2C8988WQX;
						LastSwiftMigration = 0800;
						ProvisioningStyle = Automatic;
						SystemCapabilities = {
							com.apple.ApplicationGroups.iOS = {
								enabled = 0;
							};
						};
					};
				};
			};
			buildConfigurationList = 72AE5AAB1A87D5EB001BB94E /* Build configuration list for PBXProject "scout-viewer-2016-iOS" */;
			compatibilityVersion = "Xcode 3.2";
			developmentRegion = English;
			hasScannedForEncodings = 0;
			knownRegions = (
				en,
				Base,
			);
			mainGroup = 72AE5AA71A87D5EB001BB94E;
			productRefGroup = 72AE5AB11A87D5EB001BB94E /* Products */;
			projectDirPath = "";
			projectRoot = "";
			targets = (
				72AE5AAF1A87D5EB001BB94E /* scout-viewer-2016-iOS */,
			);
		};
/* End PBXProject section */

/* Begin PBXResourcesBuildPhase section */
		72AE5AAE1A87D5EB001BB94E /* Resources */ = {
			isa = PBXResourcesBuildPhase;
			buildActionMask = 2147483647;
			files = (
				1957FC981DE8D93900992D10 /* Images.xcassets in Resources */,
				191B81151CB1BFDF00139FC3 /* Settings.bundle in Resources */,
				72AE5AC21A87D5EB001BB94E /* Main.storyboard in Resources */,
				1957FCA51DE8E8BD00992D10 /* SecondPick.storyboard in Resources */,
				72AE5B001A882014001BB94E /* MatchTableViewCell.xib in Resources */,
				72AE5AC71A87D5EB001BB94E /* LaunchScreen.xib in Resources */,
				1957FCA71DE8E93500992D10 /* Seeding.storyboard in Resources */,
				72EB84C01A9A7C84005690BD /* MechanismTableViewCell.xib in Resources */,
				1957FC9B1DE8E75300992D10 /* FirstPick.storyboard in Resources */,
				1957FCA21DE8E89A00992D10 /* ThirdPick.storyboard in Resources */,
				72AE5AEF1A881CBA001BB94E /* MultiCellTableViewCell.xib in Resources */,
				194245CC1D33266400F9B8D7 /* GoogleService-Info.plist in Resources */,
				1957FCA01DE8E83F00992D10 /* Schedule.storyboard in Resources */,
			);
			runOnlyForDeploymentPostprocessing = 0;
		};
/* End PBXResourcesBuildPhase section */

/* Begin PBXShellScriptBuildPhase section */
		0BADA616B2B8C302F5080545 /* [CP] Embed Pods Frameworks */ = {
			isa = PBXShellScriptBuildPhase;
			buildActionMask = 2147483647;
			files = (
			);
			inputPaths = (
			);
			name = "[CP] Embed Pods Frameworks";
			outputPaths = (
			);
			runOnlyForDeploymentPostprocessing = 0;
			shellPath = /bin/sh;
			shellScript = "\"${SRCROOT}/Pods/Target Support Files/Pods-scout-viewer-2016-iOS/Pods-scout-viewer-2016-iOS-frameworks.sh\"\n";
			showEnvVarsInLog = 0;
		};
		19E19DAE1CA1C3BD0043E3BC /* ShellScript */ = {
			isa = PBXShellScriptBuildPhase;
			buildActionMask = 2147483647;
			files = (
			);
			inputPaths = (
			);
			outputPaths = (
			);
			runOnlyForDeploymentPostprocessing = 0;
			shellPath = /bin/sh;
			shellScript = "#--- SCRIPT BEGIN ---\n# SKIP_SIMULATOR_BUILDS=1\nSCRIPT_SRC=$(find \"$PROJECT_DIR\" -name 'Instabug_dsym_upload.sh' | head -1)\nif [ ! \"${SCRIPT_SRC}\" ]; then\necho \"Instabug: err: script not found. Make sure that you're including Instabug.bundle in your project directory\"\nexit 1\nfi\nAPP_TOKEN=\"98616ae556601b6b72101615cd3f7f9a\"\nsource \"${SCRIPT_SRC}\"\n#--- SCRIPT END ---\n";
		};
		86D66DD7DE4617623929FD9C /* [CP] Copy Pods Resources */ = {
			isa = PBXShellScriptBuildPhase;
			buildActionMask = 2147483647;
			files = (
			);
			inputPaths = (
			);
			name = "[CP] Copy Pods Resources";
			outputPaths = (
			);
			runOnlyForDeploymentPostprocessing = 0;
			shellPath = /bin/sh;
			shellScript = "\"${SRCROOT}/Pods/Target Support Files/Pods-scout-viewer-2016-iOS/Pods-scout-viewer-2016-iOS-resources.sh\"\n";
			showEnvVarsInLog = 0;
		};
		D71B845FF27B83057125AD1E /* [CP] Check Pods Manifest.lock */ = {
			isa = PBXShellScriptBuildPhase;
			buildActionMask = 2147483647;
			files = (
			);
			inputPaths = (
			);
			name = "[CP] Check Pods Manifest.lock";
			outputPaths = (
			);
			runOnlyForDeploymentPostprocessing = 0;
			shellPath = /bin/sh;
			shellScript = "diff \"${PODS_ROOT}/../Podfile.lock\" \"${PODS_ROOT}/Manifest.lock\" > /dev/null\nif [[ $? != 0 ]] ; then\n    cat << EOM\nerror: The sandbox is not in sync with the Podfile.lock. Run 'pod install' or update your CocoaPods installation.\nEOM\n    exit 1\nfi\n";
			showEnvVarsInLog = 0;
		};
/* End PBXShellScriptBuildPhase section */

/* Begin PBXSourcesBuildPhase section */
		72AE5AAC1A87D5EB001BB94E /* Sources */ = {
			isa = PBXSourcesBuildPhase;
			buildActionMask = 2147483647;
			files = (
				72DC10BC1A92AE9C0092EA5F /* MatchDetailsViewController.swift in Sources */,
				40780DC71C59C05700ACF489 /* TeamInMatchData.swift in Sources */,
				72AE5AB91A87D5EB001BB94E /* AppDelegate.m in Sources */,
				72553D8E1AD999FE0091F5D2 /* NSAttributedString+OrdinalFormat.m in Sources */,
				72EB84BF1A9A7C84005690BD /* MechanismTableViewCell.swift in Sources */,
				725D09561A959D17009A0AB6 /* TeamDetailsTableViewController.swift in Sources */,
				72AE5AF21A881E94001BB94E /* SeedTableViewController.m in Sources */,
				7253A7FE1AC8900E00188364 /* GraphViewController.swift in Sources */,
				72553D8B1AD9913D0091F5D2 /* PDFRenderer.m in Sources */,
				40780DC51C59C05700ACF489 /* Match.swift in Sources */,
				40780DC61C59C05700ACF489 /* CalculatedTeamData.swift in Sources */,
				725D09521A956F76009A0AB6 /* TeamInMatchDetailsTableViewController.swift in Sources */,
				40780DCA1C59C05E00ACF489 /* MatchCalculatedData.swift in Sources */,
				72A0480E1AC4C22500FA2A46 /* UIColor+HexString.m in Sources */,
				194587981C7D6DC900507019 /* OverallSecondPickAbilityViewController.swift in Sources */,
				72A048161AC4C5CB00FA2A46 /* UnrankedTableViewCell.swift in Sources */,
				40E43E401C544E3900ABC378 /* FirebaseDataFetcher.swift in Sources */,
				72AE5AB61A87D5EB001BB94E /* main.m in Sources */,
				72DC10B91A929FA30092EA5F /* PredictedSeedTableViewController.m in Sources */,
				72C2DC0A1A96F4360000BCED /* Utils.swift in Sources */,
				72EC17201AD9B2480044FEE9 /* UINavigationController+SGProgress.m in Sources */,
				40B551C91C702C01006089EA /* TeamInMatchCalculatedData.swift in Sources */,
				725D09541A95919B009A0AB6 /* ResizableNotesTableViewCell.swift in Sources */,
				72AE5AFB1A881FE3001BB94E /* ScheduleTableViewController.m in Sources */,
				40CF57A11C6C30DD00D9B63B /* DefenseTableViewController.swift in Sources */,
				72AE5AEE1A881CBA001BB94E /* MultiCellTableViewCell.m in Sources */,
				72AE5ADE1A87D8D3001BB94E /* ArrayTableViewController.m in Sources */,
				40780DCB1C59C05E00ACF489 /* Team.swift in Sources */,
				400F75ED1C666D4B00EA03FA /* ConditionalSecondPickTableViewController.swift in Sources */,
				72AE5AFF1A882014001BB94E /* MatchTableViewCell.m in Sources */,
				40A14D721CACC70800CCFC2C /* SortedRankTableViewController.swift in Sources */,
				72AE5AF51A881F8C001BB94E /* FirstPickTableViewController.m in Sources */,
				19498EE31CB04EA500CF5236 /* NotesTableViewController.swift in Sources */,
				1957FC961DE8D6B300992D10 /* Reflectable.swift in Sources */,
				400603FC1CB197CA005ADEC5 /* CurrentMatchManager.swift in Sources */,
				19427B6F1D2AF6E80041FB1D /* SpecificTeamScheduleTableViewController.swift in Sources */,
			);
			runOnlyForDeploymentPostprocessing = 0;
		};
/* End PBXSourcesBuildPhase section */

/* Begin PBXVariantGroup section */
		1957FC991DE8E75300992D10 /* FirstPick.storyboard */ = {
			isa = PBXVariantGroup;
			children = (
				1957FC9A1DE8E75300992D10 /* Base */,
			);
			name = FirstPick.storyboard;
			sourceTree = "<group>";
		};
		1957FC9E1DE8E83F00992D10 /* Schedule.storyboard */ = {
			isa = PBXVariantGroup;
			children = (
				1957FC9F1DE8E83F00992D10 /* Base */,
			);
			name = Schedule.storyboard;
			sourceTree = "<group>";
		};
		1957FCA31DE8E8BD00992D10 /* SecondPick.storyboard */ = {
			isa = PBXVariantGroup;
			children = (
				1957FCA41DE8E8BD00992D10 /* Base */,
			);
			name = SecondPick.storyboard;
			sourceTree = "<group>";
		};
		19DAC4631CD2930100C90B79 /* Storyboard.storyboard */ = {
			isa = PBXVariantGroup;
			children = (
				19DAC4641CD2930100C90B79 /* Base */,
			);
			name = Storyboard.storyboard;
			sourceTree = "<group>";
		};
		72AE5AC01A87D5EB001BB94E /* Main.storyboard */ = {
			isa = PBXVariantGroup;
			children = (
				72AE5AC11A87D5EB001BB94E /* Base */,
			);
			name = Main.storyboard;
			sourceTree = "<group>";
		};
		72AE5AC51A87D5EB001BB94E /* LaunchScreen.xib */ = {
			isa = PBXVariantGroup;
			children = (
				72AE5AC61A87D5EB001BB94E /* Base */,
			);
			name = LaunchScreen.xib;
			sourceTree = "<group>";
		};
/* End PBXVariantGroup section */

/* Begin XCBuildConfiguration section */
		72AE5AD41A87D5EB001BB94E /* Debug */ = {
			isa = XCBuildConfiguration;
			buildSettings = {
				ALWAYS_SEARCH_USER_PATHS = NO;
				CLANG_CXX_LANGUAGE_STANDARD = "gnu++0x";
				CLANG_CXX_LIBRARY = "libc++";
				CLANG_ENABLE_MODULES = YES;
				CLANG_ENABLE_OBJC_ARC = YES;
				CLANG_WARN_BOOL_CONVERSION = YES;
				CLANG_WARN_CONSTANT_CONVERSION = YES;
				CLANG_WARN_DIRECT_OBJC_ISA_USAGE = YES_ERROR;
				CLANG_WARN_EMPTY_BODY = YES;
				CLANG_WARN_ENUM_CONVERSION = YES;
				CLANG_WARN_INFINITE_RECURSION = YES;
				CLANG_WARN_INT_CONVERSION = YES;
				CLANG_WARN_OBJC_ROOT_CLASS = YES_ERROR;
				CLANG_WARN_SUSPICIOUS_MOVE = YES;
				CLANG_WARN_UNREACHABLE_CODE = YES;
				CLANG_WARN__DUPLICATE_METHOD_MATCH = YES;
				"CODE_SIGN_IDENTITY[sdk=iphoneos*]" = "iPhone Developer";
				COPY_PHASE_STRIP = NO;
				DEFINES_MODULE = YES;
				ENABLE_STRICT_OBJC_MSGSEND = YES;
				ENABLE_TESTABILITY = YES;
				GCC_C_LANGUAGE_STANDARD = gnu99;
				GCC_DYNAMIC_NO_PIC = NO;
				GCC_NO_COMMON_BLOCKS = YES;
				GCC_OPTIMIZATION_LEVEL = 0;
				GCC_PREPROCESSOR_DEFINITIONS = (
					"DEBUG=1",
					"$(inherited)",
				);
				GCC_SYMBOLS_PRIVATE_EXTERN = NO;
				GCC_WARN_64_TO_32_BIT_CONVERSION = YES;
				GCC_WARN_ABOUT_RETURN_TYPE = YES_ERROR;
				GCC_WARN_UNDECLARED_SELECTOR = YES;
				GCC_WARN_UNINITIALIZED_AUTOS = YES_AGGRESSIVE;
				GCC_WARN_UNUSED_FUNCTION = YES;
				GCC_WARN_UNUSED_VARIABLE = YES;
				IPHONEOS_DEPLOYMENT_TARGET = 9.0;
				MTL_ENABLE_DEBUG_INFO = YES;
				ONLY_ACTIVE_ARCH = YES;
				SDKROOT = iphoneos;
			};
			name = Debug;
		};
		72AE5AD51A87D5EB001BB94E /* Release */ = {
			isa = XCBuildConfiguration;
			buildSettings = {
				ALWAYS_SEARCH_USER_PATHS = NO;
				CLANG_CXX_LANGUAGE_STANDARD = "gnu++0x";
				CLANG_CXX_LIBRARY = "libc++";
				CLANG_ENABLE_MODULES = YES;
				CLANG_ENABLE_OBJC_ARC = YES;
				CLANG_WARN_BOOL_CONVERSION = YES;
				CLANG_WARN_CONSTANT_CONVERSION = YES;
				CLANG_WARN_DIRECT_OBJC_ISA_USAGE = YES_ERROR;
				CLANG_WARN_EMPTY_BODY = YES;
				CLANG_WARN_ENUM_CONVERSION = YES;
				CLANG_WARN_INFINITE_RECURSION = YES;
				CLANG_WARN_INT_CONVERSION = YES;
				CLANG_WARN_OBJC_ROOT_CLASS = YES_ERROR;
				CLANG_WARN_SUSPICIOUS_MOVE = YES;
				CLANG_WARN_UNREACHABLE_CODE = YES;
				CLANG_WARN__DUPLICATE_METHOD_MATCH = YES;
				"CODE_SIGN_IDENTITY[sdk=iphoneos*]" = "iPhone Developer";
				COPY_PHASE_STRIP = YES;
				DEFINES_MODULE = YES;
				ENABLE_NS_ASSERTIONS = NO;
				ENABLE_STRICT_OBJC_MSGSEND = YES;
				GCC_C_LANGUAGE_STANDARD = gnu99;
				GCC_NO_COMMON_BLOCKS = YES;
				GCC_WARN_64_TO_32_BIT_CONVERSION = YES;
				GCC_WARN_ABOUT_RETURN_TYPE = YES_ERROR;
				GCC_WARN_UNDECLARED_SELECTOR = YES;
				GCC_WARN_UNINITIALIZED_AUTOS = YES_AGGRESSIVE;
				GCC_WARN_UNUSED_FUNCTION = YES;
				GCC_WARN_UNUSED_VARIABLE = YES;
				IPHONEOS_DEPLOYMENT_TARGET = 9.0;
				MTL_ENABLE_DEBUG_INFO = NO;
				ONLY_ACTIVE_ARCH = YES;
				SDKROOT = iphoneos;
				SWIFT_OPTIMIZATION_LEVEL = "-Owholemodule";
				VALIDATE_PRODUCT = YES;
			};
			name = Release;
		};
		72AE5AD71A87D5EB001BB94E /* Debug */ = {
			isa = XCBuildConfiguration;
			baseConfigurationReference = AE5FD21A8511399533978BFB /* Pods-scout-viewer-2016-iOS.debug.xcconfig */;
			buildSettings = {
				ALWAYS_EMBED_SWIFT_STANDARD_LIBRARIES = YES;
				ASSETCATALOG_COMPILER_APPICON_NAME = AppIcon;
				CLANG_ENABLE_MODULES = YES;
				CLANG_USE_OPTIMIZATION_PROFILE = NO;
				CODE_SIGN_IDENTITY = "iPhone Developer";
				"CODE_SIGN_IDENTITY[sdk=iphoneos*]" = "iPhone Developer";
				DEFINES_MODULE = YES;
				DEVELOPMENT_TEAM = S2C8988WQX;
				FRAMEWORK_SEARCH_PATHS = (
					"$(inherited)",
					"$(PROJECT_DIR)/scout-viewer-2016-iOS",
					"$(PROJECT_DIR)/build/Debug-iphoneos/HanekeSwift",
				);
				INFOPLIST_FILE = "$(SRCROOT)/scout-viewer-2016-iOS/Info.plist";
				IPHONEOS_DEPLOYMENT_TARGET = 9.0;
				LD_RUNPATH_SEARCH_PATHS = "$(inherited) @executable_path/Frameworks";
				ONLY_ACTIVE_ARCH = YES;
				PRODUCT_BUNDLE_IDENTIFIER = "com.bryton.moeller.scout-viewer-2016";
				PRODUCT_NAME = "scout-viewer-2016-iOS";
				PROVISIONING_PROFILE = "";
				SDKROOT = iphoneos;
				SWIFT_OBJC_BRIDGING_HEADER = "scout-viewer-2016-iOS/scout-viewer-2016-iOS-Bridging-Header.h";
				SWIFT_OPTIMIZATION_LEVEL = "-Onone";
				SWIFT_VERSION = 3.0;
			};
			name = Debug;
		};
		72AE5AD81A87D5EB001BB94E /* Release */ = {
			isa = XCBuildConfiguration;
			baseConfigurationReference = 9E642AEBDF2F6A37C5A4132D /* Pods-scout-viewer-2016-iOS.release.xcconfig */;
			buildSettings = {
				ALWAYS_EMBED_SWIFT_STANDARD_LIBRARIES = YES;
				ASSETCATALOG_COMPILER_APPICON_NAME = AppIcon;
				CLANG_ENABLE_MODULES = YES;
				CLANG_USE_OPTIMIZATION_PROFILE = NO;
				CODE_SIGN_IDENTITY = "iPhone Developer";
				"CODE_SIGN_IDENTITY[sdk=iphoneos*]" = "iPhone Developer";
				DEFINES_MODULE = YES;
				DEVELOPMENT_TEAM = S2C8988WQX;
				FRAMEWORK_SEARCH_PATHS = (
					"$(inherited)",
					"$(PROJECT_DIR)/scout-viewer-2016-iOS",
					"$(PROJECT_DIR)/build/Debug-iphoneos/HanekeSwift",
				);
				GCC_OPTIMIZATION_LEVEL = 0;
				INFOPLIST_FILE = "$(SRCROOT)/scout-viewer-2016-iOS/Info.plist";
				IPHONEOS_DEPLOYMENT_TARGET = 9.0;
				LD_RUNPATH_SEARCH_PATHS = "$(inherited) @executable_path/Frameworks";
				ONLY_ACTIVE_ARCH = YES;
				PRODUCT_BUNDLE_IDENTIFIER = "com.bryton.moeller.scout-viewer-2016";
				PRODUCT_NAME = "scout-viewer-2016-iOS";
				PROVISIONING_PROFILE = "";
				SDKROOT = iphoneos;
				SWIFT_OBJC_BRIDGING_HEADER = "scout-viewer-2016-iOS/scout-viewer-2016-iOS-Bridging-Header.h";
				SWIFT_VERSION = 3.0;
			};
			name = Release;
		};
/* End XCBuildConfiguration section */

/* Begin XCConfigurationList section */
		72AE5AAB1A87D5EB001BB94E /* Build configuration list for PBXProject "scout-viewer-2016-iOS" */ = {
			isa = XCConfigurationList;
			buildConfigurations = (
				72AE5AD41A87D5EB001BB94E /* Debug */,
				72AE5AD51A87D5EB001BB94E /* Release */,
			);
			defaultConfigurationIsVisible = 0;
			defaultConfigurationName = Release;
		};
		72AE5AD61A87D5EB001BB94E /* Build configuration list for PBXNativeTarget "scout-viewer-2016-iOS" */ = {
			isa = XCConfigurationList;
			buildConfigurations = (
				72AE5AD71A87D5EB001BB94E /* Debug */,
				72AE5AD81A87D5EB001BB94E /* Release */,
			);
			defaultConfigurationIsVisible = 0;
			defaultConfigurationName = Release;
		};
/* End XCConfigurationList section */
	};
	rootObject = 72AE5AA81A87D5EB001BB94E /* Project object */;
}
